PODS:
  - Action (5.0.0):
    - RxCocoa (~> 6.0)
    - RxSwift (~> 6.0)
  - Alamofire (5.0.0-rc.2)
  - AlamofireObjectMapper (6.2.0):
    - Alamofire (= 5.0.0-rc.2)
    - ObjectMapper (~> 3.5.1)
  - DifferenceKit (1.3.0):
    - DifferenceKit/Core (= 1.3.0)
    - DifferenceKit/UIKitExtension (= 1.3.0)
  - DifferenceKit/Core (1.3.0)
  - DifferenceKit/UIKitExtension (1.3.0):
    - DifferenceKit/Core
  - Differentiator (5.0.0)
  - JGProgressHUD (2.2)
  - Kingfisher (7.3.2)
  - ObjectMapper (3.5.3)
  - Realm (10.28.5):
    - Realm/Headers (= 10.28.5)
  - Realm/Headers (10.28.5)
  - RealmSwift (10.28.5):
    - Realm (= 10.28.5)
  - Reusable (4.1.2):
    - Reusable/Storyboard (= 4.1.2)
    - Reusable/View (= 4.1.2)
  - Reusable/Storyboard (4.1.2)
  - Reusable/View (4.1.2)
  - RxCocoa (6.5.0):
    - RxRelay (= 6.5.0)
    - RxSwift (= 6.5.0)
  - RxDataSources (5.0.0):
    - Differentiator (~> 5.0)
    - RxCocoa (~> 6.0)
    - RxSwift (~> 6.0)
  - RxOptional (5.0.2):
    - RxCocoa (~> 6.0)
    - RxSwift (~> 6.0)
  - RxRealm (5.0.4):
    - Realm (~> 10.21)
    - RealmSwift (~> 10.21)
    - RxCocoa (~> 6.1)
    - RxSwift (~> 6.1)
  - RxRelay (6.5.0):
    - RxSwift (= 6.5.0)
  - RxSwift (6.5.0)
  - RxSwiftExt (6.0.1):
    - RxSwiftExt/Core (= 6.0.1)
    - RxSwiftExt/RxCocoa (= 6.0.1)
  - RxSwiftExt/Core (6.0.1):
    - RxSwift (~> 6.0)
  - RxSwiftExt/RxCocoa (6.0.1):
    - RxCocoa (~> 6.0)
    - RxSwiftExt/Core
  - SkeletonView (1.30.0)
  - SnapKit (5.0.1)
  - StatefulViewController (3.0)
  - SwiftGen (6.6.1)
  - SwiftyJSON (5.0.1)

DEPENDENCIES:
  - Action
  - AlamofireObjectMapper
  - DifferenceKit
  - JGProgressHUD
  - Kingfisher
  - Reusable
  - RxDataSources
  - RxOptional
  - RxRealm
  - RxSwiftExt
  - SkeletonView
  - SnapKit (~> 5.0.0)
  - StatefulViewController (~> 3.0)
  - SwiftGen (~> 6.0)
  - SwiftyJSON

SPEC REPOS:
  trunk:
    - Action
    - Alamofire
    - AlamofireObjectMapper
    - DifferenceKit
    - Differentiator
    - JGProgressHUD
    - Kingfisher
    - ObjectMapper
    - Realm
    - RealmSwift
    - Reusable
    - RxCocoa
    - RxDataSources
    - RxOptional
    - RxRealm
    - RxRelay
    - RxSwift
    - RxSwiftExt
    - SkeletonView
    - SnapKit
    - StatefulViewController
    - SwiftGen
    - SwiftyJSON

SPEC CHECKSUMS:
  Action: 47f1825511907b4fcd79dd7a7db9526c20f78018
  Alamofire: f9450d3c7f6bea2ad62e7a541c3e9b186c7991d6
  AlamofireObjectMapper: 74d1440c92c42bbcc2b5f4dc81654ac095ec669f
  DifferenceKit: ab185c4d7f9cef8af3fcf593e5b387fb81e999ca
  Differentiator: e8497ceab83c1b10ca233716d547b9af21b9344d
  JGProgressHUD: d83d7a981b85d11205e19ff8ad5bb9c40571c847
  Kingfisher: 0086ad83719761ba9b2cdaf6ef4d5b4878cbae23
  ObjectMapper: 97111c97e054a6ee25917662106689f0b4127b37
  Realm: eb7f6a7a8395906822e6fab71eb8496d6d52b318
  RealmSwift: 6b54904d4a236de143f3411a757641fd74e9cb3d
  Reusable: 6bae6a5e8aa793c9c441db0213c863a64bce9136
  RxCocoa: 94f817b71c07517321eb4f9ad299112ca8af743b
  RxDataSources: aa47cc1ed6c500fa0dfecac5c979b723542d79cf
  RxOptional: 3664964c96b69dd20c9cf78bdfe546615e26eca8
  RxRealm: 666c8785327fe2fff972a3093b35dc7055c1ca38
  RxRelay: 1de1523e604c72b6c68feadedd1af3b1b4d0ecbd
  RxSwift: 5710a9e6b17f3c3d6e40d6e559b9fa1e813b2ef8
  RxSwiftExt: d61c4b9b06e0a448041b1c659e0f1b5c5a035afc
  SkeletonView: 939a2cc7d1ea697cdb41d4c2dea6257d3dc74987
  SnapKit: 97b92857e3df3a0c71833cce143274bf6ef8e5eb
  StatefulViewController: 4803bf900d44de26074344998e10e041113b5931
  SwiftGen: 787181d7895fa2f5e7313d05de92c387010149c2
  SwiftyJSON: 2f33a42c6fbc52764d96f13368585094bfd8aa5e

PODFILE CHECKSUM: 85cb428b06d6c0586cd08e87182826ca7d87f2dc

COCOAPODS: 1.11.2
