// !$*UTF8*$!
{
	archiveVersion = 1;
	classes = {
	};
	objectVersion = 55;
	objects = {

/* Begin PBXBuildFile section */
		2D91CE29B46C3AE66E53340E /* Pods_AppetiserMovie.framework in Frameworks */ = {isa = PBXBuildFile; fileRef = A7B917D600E6FB5F6849AAAF /* Pods_AppetiserMovie.framework */; };
		4B25814020CDB8BF0690BFB0 /* Pods_AppetiserMovieTests.framework in Frameworks */ = {isa = PBXBuildFile; fileRef = CFFC86E03FCA24CAB3BBC887 /* Pods_AppetiserMovieTests.framework */; };
		56C3842EAD55ADCDCE31B405 /* Pods_AppetiserMovie_AppetiserMovieUITests.framework in Frameworks */ = {isa = PBXBuildFile; fileRef = 74E58B5D227C6920F3BCBC7A /* Pods_AppetiserMovie_AppetiserMovieUITests.framework */; };
		84D46C8F29A8749000721D8E /* SearchItemTarget.swift in Sources */ = {isa = PBXBuildFile; fileRef = 84D46C8D29A8749000721D8E /* SearchItemTarget.swift */; };
		84D46C9029A8749000721D8E /* SearchItemService .swift in Sources */ = {isa = PBXBuildFile; fileRef = 84D46C8E29A8749000721D8E /* SearchItemService .swift */; };
		84D46C9329A8749900721D8E /* Movie.swift in Sources */ = {isa = PBXBuildFile; fileRef = 84D46C9229A8749900721D8E /* Movie.swift */; };
		84D46C9829A874A300721D8E /* TargetType.swift in Sources */ = {isa = PBXBuildFile; fileRef = 84D46C9529A874A300721D8E /* TargetType.swift */; };
		84D46C9929A874A300721D8E /* APIResponse.swift in Sources */ = {isa = PBXBuildFile; fileRef = 84D46C9629A874A300721D8E /* APIResponse.swift */; };
		84D46C9A29A874A300721D8E /* API.swift in Sources */ = {isa = PBXBuildFile; fileRef = 84D46C9729A874A300721D8E /* API.swift */; };
		84D46CA129A874C200721D8E /* HomeTabbarCoordinator.swift in Sources */ = {isa = PBXBuildFile; fileRef = 84D46C9E29A874C200721D8E /* HomeTabbarCoordinator.swift */; };
		84D46CA629A875E100721D8E /* AppCoordinator.swift in Sources */ = {isa = PBXBuildFile; fileRef = 84D46CA429A875E100721D8E /* AppCoordinator.swift */; };
		84D46CA729A875E100721D8E /* BaseCoordinator.swift in Sources */ = {isa = PBXBuildFile; fileRef = 84D46CA529A875E100721D8E /* BaseCoordinator.swift */; };
		84D46CB029A88F2400721D8E /* BaseViewController.swift in Sources */ = {isa = PBXBuildFile; fileRef = 84D46CAF29A88F2400721D8E /* BaseViewController.swift */; };
		84D46CBE29A88FC400721D8E /* HomeTabbarViewController.swift in Sources */ = {isa = PBXBuildFile; fileRef = 84D46CB329A88FC400721D8E /* HomeTabbarViewController.swift */; };
		84D46CBF29A88FC400721D8E /* FavoritedMovieViewController.swift in Sources */ = {isa = PBXBuildFile; fileRef = 84D46CB629A88FC400721D8E /* FavoritedMovieViewController.swift */; };
		84D46CC029A88FC400721D8E /* FavoritedMovieViewController.xib in Resources */ = {isa = PBXBuildFile; fileRef = 84D46CB729A88FC400721D8E /* FavoritedMovieViewController.xib */; };
		84D46CC129A88FC400721D8E /* MovieListViewController.swift in Sources */ = {isa = PBXBuildFile; fileRef = 84D46CB929A88FC400721D8E /* MovieListViewController.swift */; };
		84D46CC229A88FC400721D8E /* MovieListViewController.xib in Resources */ = {isa = PBXBuildFile; fileRef = 84D46CBA29A88FC400721D8E /* MovieListViewController.xib */; };
		84D46CC329A88FC400721D8E /* MovieItemTableViewCell.swift in Sources */ = {isa = PBXBuildFile; fileRef = 84D46CBC29A88FC400721D8E /* MovieItemTableViewCell.swift */; };
		84D46CC429A88FC400721D8E /* MovieItemTableViewCell.xib in Resources */ = {isa = PBXBuildFile; fileRef = 84D46CBD29A88FC400721D8E /* MovieItemTableViewCell.xib */; };
		84D46CC729A8A5D400721D8E /* CacheService.swift in Sources */ = {isa = PBXBuildFile; fileRef = 84D46CC629A8A5D400721D8E /* CacheService.swift */; };
		84D46CCA29A8A90B00721D8E /* FavoriteService.swift in Sources */ = {isa = PBXBuildFile; fileRef = 84D46CC929A8A90B00721D8E /* FavoriteService.swift */; };
		84D46CCC29A8BBBA00721D8E /* FavoriteListViewModel.swift in Sources */ = {isa = PBXBuildFile; fileRef = 84D46CCB29A8BBBA00721D8E /* FavoriteListViewModel.swift */; };
		84D46CCE29A9963D00721D8E /* FavoritedMovieCoordinator.swift in Sources */ = {isa = PBXBuildFile; fileRef = 84D46CCD29A9963D00721D8E /* FavoritedMovieCoordinator.swift */; };
		84D46CD029A99DD700721D8E /* MovieListCoordinator.swift in Sources */ = {isa = PBXBuildFile; fileRef = 84D46CCF29A99DD700721D8E /* MovieListCoordinator.swift */; };
		84D46CD229A9A03500721D8E /* MovieDetailCoordinator.swift in Sources */ = {isa = PBXBuildFile; fileRef = 84D46CD129A9A03500721D8E /* MovieDetailCoordinator.swift */; };
		84D46CD429A9A6A300721D8E /* SearchCoordinator.swift in Sources */ = {isa = PBXBuildFile; fileRef = 84D46CD329A9A6A300721D8E /* SearchCoordinator.swift */; };
		AB29824029A7178B007E3E76 /* Proxima Nova Alt Bold.otf in Resources */ = {isa = PBXBuildFile; fileRef = AB29823629A7178B007E3E76 /* Proxima Nova Alt Bold.otf */; };
		AB29824129A7178B007E3E76 /* Proxima Nova Black.otf in Resources */ = {isa = PBXBuildFile; fileRef = AB29823729A7178B007E3E76 /* Proxima Nova Black.otf */; };
		AB29824229A7178B007E3E76 /* Proxima Nova Thin.otf in Resources */ = {isa = PBXBuildFile; fileRef = AB29823829A7178B007E3E76 /* Proxima Nova Thin.otf */; };
		AB29824329A7178B007E3E76 /* Proxima Nova Extrabold.otf in Resources */ = {isa = PBXBuildFile; fileRef = AB29823929A7178B007E3E76 /* Proxima Nova Extrabold.otf */; };
		AB29824429A7178B007E3E76 /* Proxima Nova Normal.otf in Resources */ = {isa = PBXBuildFile; fileRef = AB29823A29A7178B007E3E76 /* Proxima Nova Normal.otf */; };
		AB29824529A7178B007E3E76 /* Proxima Nova Alt Thin.otf in Resources */ = {isa = PBXBuildFile; fileRef = AB29823B29A7178B007E3E76 /* Proxima Nova Alt Thin.otf */; };
		AB29824629A7178B007E3E76 /* Proxima Nova Alt Light.otf in Resources */ = {isa = PBXBuildFile; fileRef = AB29823C29A7178B007E3E76 /* Proxima Nova Alt Light.otf */; };
		AB29824729A7178B007E3E76 /* Proxima Nova Semi Bold.otf in Resources */ = {isa = PBXBuildFile; fileRef = AB29823D29A7178B007E3E76 /* Proxima Nova Semi Bold.otf */; };
		AB29824829A7178B007E3E76 /* Proxima Nova Bold.otf in Resources */ = {isa = PBXBuildFile; fileRef = AB29823E29A7178B007E3E76 /* Proxima Nova Bold.otf */; };
		AB29824929A7178B007E3E76 /* ProximaNova-Regular.otf in Resources */ = {isa = PBXBuildFile; fileRef = AB29823F29A7178B007E3E76 /* ProximaNova-Regular.otf */; };
		AB29825529A71ACC007E3E76 /* Localizable.strings in Resources */ = {isa = PBXBuildFile; fileRef = AB29825329A71ACC007E3E76 /* Localizable.strings */; };
		AB29825929A71C7E007E3E76 /* Assets.swift in Sources */ = {isa = PBXBuildFile; fileRef = AB29825629A71C7D007E3E76 /* Assets.swift */; };
		AB29825A29A71C7E007E3E76 /* Fonts.swift in Sources */ = {isa = PBXBuildFile; fileRef = AB29825729A71C7E007E3E76 /* Fonts.swift */; };
		AB29825B29A71C7E007E3E76 /* Localization.swift in Sources */ = {isa = PBXBuildFile; fileRef = AB29825829A71C7E007E3E76 /* Localization.swift */; };
		AB29828029A72368007E3E76 /* DSColor.swift in Sources */ = {isa = PBXBuildFile; fileRef = AB29826D29A72368007E3E76 /* DSColor.swift */; };
		AB29828129A72368007E3E76 /* StateViewPresentable.swift in Sources */ = {isa = PBXBuildFile; fileRef = AB29826F29A72368007E3E76 /* StateViewPresentable.swift */; };
		AB29828229A72368007E3E76 /* DefaultStateConfigs.swift in Sources */ = {isa = PBXBuildFile; fileRef = AB29827029A72368007E3E76 /* DefaultStateConfigs.swift */; };
		AB29828429A72368007E3E76 /* StateViewPresentable+Extension.swift in Sources */ = {isa = PBXBuildFile; fileRef = AB29827229A72368007E3E76 /* StateViewPresentable+Extension.swift */; };
		AB29828529A72368007E3E76 /* StateConfig.swift in Sources */ = {isa = PBXBuildFile; fileRef = AB29827329A72368007E3E76 /* StateConfig.swift */; };
		AB29828629A72368007E3E76 /* ViewStates.swift in Sources */ = {isa = PBXBuildFile; fileRef = AB29827429A72368007E3E76 /* ViewStates.swift */; };
		AB29828729A72368007E3E76 /* LoadingStyle.swift in Sources */ = {isa = PBXBuildFile; fileRef = AB29827529A72368007E3E76 /* LoadingStyle.swift */; };
		AB29828829A72368007E3E76 /* DSTextStyle.swift in Sources */ = {isa = PBXBuildFile; fileRef = AB29827729A72368007E3E76 /* DSTextStyle.swift */; };
		AB29828929A72368007E3E76 /* UILabel+DSTextStyle.swift in Sources */ = {isa = PBXBuildFile; fileRef = AB29827829A72368007E3E76 /* UILabel+DSTextStyle.swift */; };
		AB29828A29A72368007E3E76 /* UIButton+DSTextStyle.swift in Sources */ = {isa = PBXBuildFile; fileRef = AB29827929A72368007E3E76 /* UIButton+DSTextStyle.swift */; };
		AB29828B29A72368007E3E76 /* UITextView+DSTextStyle.swift in Sources */ = {isa = PBXBuildFile; fileRef = AB29827A29A72368007E3E76 /* UITextView+DSTextStyle.swift */; };
		AB29828C29A72368007E3E76 /* UITextField+DSTextStyle.swift in Sources */ = {isa = PBXBuildFile; fileRef = AB29827B29A72368007E3E76 /* UITextField+DSTextStyle.swift */; };
		AB29828D29A72368007E3E76 /* SkeletonTableView.swift in Sources */ = {isa = PBXBuildFile; fileRef = AB29827E29A72368007E3E76 /* SkeletonTableView.swift */; };
		AB29828E29A72368007E3E76 /* SkeletonCollectionView.swift in Sources */ = {isa = PBXBuildFile; fileRef = AB29827F29A72368007E3E76 /* SkeletonCollectionView.swift */; };
		AB29829129A723C3007E3E76 /* DSStateView.swift in Sources */ = {isa = PBXBuildFile; fileRef = AB29829029A723C3007E3E76 /* DSStateView.swift */; };
		AB29829329A72704007E3E76 /* Optional+Extension.swift in Sources */ = {isa = PBXBuildFile; fileRef = AB29829229A72704007E3E76 /* Optional+Extension.swift */; };
		AB29829629A7279B007E3E76 /* DSButton.swift in Sources */ = {isa = PBXBuildFile; fileRef = AB29829529A7279B007E3E76 /* DSButton.swift */; };
		AB29829829A72800007E3E76 /* UIButton+Extension.swift in Sources */ = {isa = PBXBuildFile; fileRef = AB29829729A72800007E3E76 /* UIButton+Extension.swift */; };
		AB29829A29A728FF007E3E76 /* ViewControllerLifecycleObservable.swift in Sources */ = {isa = PBXBuildFile; fileRef = AB29829929A728FF007E3E76 /* ViewControllerLifecycleObservable.swift */; };
		AB29829C29A72938007E3E76 /* UIViewController+Rx.swift in Sources */ = {isa = PBXBuildFile; fileRef = AB29829B29A72938007E3E76 /* UIViewController+Rx.swift */; };
		AB2982C129A8747C007E3E76 /* Main.storyboard in Resources */ = {isa = PBXBuildFile; fileRef = AB2982BF29A8747C007E3E76 /* Main.storyboard */; };
		AB2982C829A87CD1007E3E76 /* UIView+Extension.swift in Sources */ = {isa = PBXBuildFile; fileRef = AB2982C729A87CD1007E3E76 /* UIView+Extension.swift */; };
		AB2982CA29A87F82007E3E76 /* UIImageView+Extension.swift in Sources */ = {isa = PBXBuildFile; fileRef = AB2982C929A87F82007E3E76 /* UIImageView+Extension.swift */; };
		AB2982E429A89835007E3E76 /* BaseViewModel.swift in Sources */ = {isa = PBXBuildFile; fileRef = AB2982E129A89834007E3E76 /* BaseViewModel.swift */; };
		AB2982E529A89835007E3E76 /* MVVMView.swift in Sources */ = {isa = PBXBuildFile; fileRef = AB2982E329A89834007E3E76 /* MVVMView.swift */; };
		AB2982E729A8985A007E3E76 /* MovieListViewModel.swift in Sources */ = {isa = PBXBuildFile; fileRef = AB2982E629A8985A007E3E76 /* MovieListViewModel.swift */; };
		AB2982EB29A89860007E3E76 /* MovieItemLoadingTableViewCell.xib in Resources */ = {isa = PBXBuildFile; fileRef = AB2982E929A89860007E3E76 /* MovieItemLoadingTableViewCell.xib */; };
		AB2982EC29A89860007E3E76 /* MovieItemLoadingTableViewCell.swift in Sources */ = {isa = PBXBuildFile; fileRef = AB2982EA29A89860007E3E76 /* MovieItemLoadingTableViewCell.swift */; };
		AB2982F129A89887007E3E76 /* Shortcuts+Rx.swift in Sources */ = {isa = PBXBuildFile; fileRef = AB2982EE29A89887007E3E76 /* Shortcuts+Rx.swift */; };
		AB2982F229A89887007E3E76 /* Retry+Rx.swift in Sources */ = {isa = PBXBuildFile; fileRef = AB2982EF29A89887007E3E76 /* Retry+Rx.swift */; };
		AB2982F329A89887007E3E76 /* TakeWhen.swift in Sources */ = {isa = PBXBuildFile; fileRef = AB2982F029A89887007E3E76 /* TakeWhen.swift */; };
		AB2982F729A8A6D6007E3E76 /* SearchViewController.swift in Sources */ = {isa = PBXBuildFile; fileRef = AB2982F529A8A6D6007E3E76 /* SearchViewController.swift */; };
		AB2982F829A8A6D6007E3E76 /* SearchViewController.xib in Resources */ = {isa = PBXBuildFile; fileRef = AB2982F629A8A6D6007E3E76 /* SearchViewController.xib */; };
		AB2982FE29A8B221007E3E76 /* MovieDetailViewController.swift in Sources */ = {isa = PBXBuildFile; fileRef = AB2982FC29A8B221007E3E76 /* MovieDetailViewController.swift */; };
		AB2982FF29A8B221007E3E76 /* MovieDetailViewController.xib in Resources */ = {isa = PBXBuildFile; fileRef = AB2982FD29A8B221007E3E76 /* MovieDetailViewController.xib */; };
		AB29830429A8B2A3007E3E76 /* MovieSummaryTableViewCell.swift in Sources */ = {isa = PBXBuildFile; fileRef = AB29830229A8B2A3007E3E76 /* MovieSummaryTableViewCell.swift */; };
		AB29830529A8B2A3007E3E76 /* MovieSummaryTableViewCell.xib in Resources */ = {isa = PBXBuildFile; fileRef = AB29830329A8B2A3007E3E76 /* MovieSummaryTableViewCell.xib */; };
		AB29830929A8B4E7007E3E76 /* MovieDescriptionTableViewCell.swift in Sources */ = {isa = PBXBuildFile; fileRef = AB29830729A8B4E7007E3E76 /* MovieDescriptionTableViewCell.swift */; };
		AB29830A29A8B4E7007E3E76 /* MovieDescriptionTableViewCell.xib in Resources */ = {isa = PBXBuildFile; fileRef = AB29830829A8B4E7007E3E76 /* MovieDescriptionTableViewCell.xib */; };
		AB29830C29A8B6A6007E3E76 /* MovieDetailViewModel.swift in Sources */ = {isa = PBXBuildFile; fileRef = AB29830B29A8B6A6007E3E76 /* MovieDetailViewModel.swift */; };
		AB7F18F629A710C500F841EB /* AppDelegate.swift in Sources */ = {isa = PBXBuildFile; fileRef = AB7F18F529A710C500F841EB /* AppDelegate.swift */; };
		AB7F18FF29A710C800F841EB /* Assets.xcassets in Resources */ = {isa = PBXBuildFile; fileRef = AB7F18FE29A710C800F841EB /* Assets.xcassets */; };
		AB7F190229A710C800F841EB /* LaunchScreen.storyboard in Resources */ = {isa = PBXBuildFile; fileRef = AB7F190029A710C800F841EB /* LaunchScreen.storyboard */; };
		AB7F190D29A710C800F841EB /* AppetiserMovieTests.swift in Sources */ = {isa = PBXBuildFile; fileRef = AB7F190C29A710C800F841EB /* AppetiserMovieTests.swift */; };
		AB7F191729A710C800F841EB /* AppetiserMovieUITests.swift in Sources */ = {isa = PBXBuildFile; fileRef = AB7F191629A710C800F841EB /* AppetiserMovieUITests.swift */; };
		AB7F191929A710C800F841EB /* AppetiserMovieUITestsLaunchTests.swift in Sources */ = {isa = PBXBuildFile; fileRef = AB7F191829A710C800F841EB /* AppetiserMovieUITestsLaunchTests.swift */; };
/* End PBXBuildFile section */

/* Begin PBXContainerItemProxy section */
		AB7F190929A710C800F841EB /* PBXContainerItemProxy */ = {
			isa = PBXContainerItemProxy;
			containerPortal = AB7F18EA29A710C500F841EB /* Project object */;
			proxyType = 1;
			remoteGlobalIDString = AB7F18F129A710C500F841EB;
			remoteInfo = AppetiserMovie;
		};
		AB7F191329A710C800F841EB /* PBXContainerItemProxy */ = {
			isa = PBXContainerItemProxy;
			containerPortal = AB7F18EA29A710C500F841EB /* Project object */;
			proxyType = 1;
			remoteGlobalIDString = AB7F18F129A710C500F841EB;
			remoteInfo = AppetiserMovie;
		};
/* End PBXContainerItemProxy section */

/* Begin PBXFileReference section */
		07F16BA6CC7CAAC6B1A6BB55 /* Pods-AppetiserMovie.debug.xcconfig */ = {isa = PBXFileReference; includeInIndex = 1; lastKnownFileType = text.xcconfig; name = "Pods-AppetiserMovie.debug.xcconfig"; path = "Target Support Files/Pods-AppetiserMovie/Pods-AppetiserMovie.debug.xcconfig"; sourceTree = "<group>"; };
		2B73E40A4F72695C1E8A4BB3 /* Pods-AppetiserMovieTests.debug.xcconfig */ = {isa = PBXFileReference; includeInIndex = 1; lastKnownFileType = text.xcconfig; name = "Pods-AppetiserMovieTests.debug.xcconfig"; path = "Target Support Files/Pods-AppetiserMovieTests/Pods-AppetiserMovieTests.debug.xcconfig"; sourceTree = "<group>"; };
		74E58B5D227C6920F3BCBC7A /* Pods_AppetiserMovie_AppetiserMovieUITests.framework */ = {isa = PBXFileReference; explicitFileType = wrapper.framework; includeInIndex = 0; path = Pods_AppetiserMovie_AppetiserMovieUITests.framework; sourceTree = BUILT_PRODUCTS_DIR; };
		84D46C8D29A8749000721D8E /* SearchItemTarget.swift */ = {isa = PBXFileReference; fileEncoding = 4; lastKnownFileType = sourcecode.swift; path = SearchItemTarget.swift; sourceTree = "<group>"; };
		84D46C8E29A8749000721D8E /* SearchItemService .swift */ = {isa = PBXFileReference; fileEncoding = 4; lastKnownFileType = sourcecode.swift; path = "SearchItemService .swift"; sourceTree = "<group>"; };
		84D46C9229A8749900721D8E /* Movie.swift */ = {isa = PBXFileReference; fileEncoding = 4; lastKnownFileType = sourcecode.swift; path = Movie.swift; sourceTree = "<group>"; };
		84D46C9529A874A300721D8E /* TargetType.swift */ = {isa = PBXFileReference; fileEncoding = 4; lastKnownFileType = sourcecode.swift; path = TargetType.swift; sourceTree = "<group>"; };
		84D46C9629A874A300721D8E /* APIResponse.swift */ = {isa = PBXFileReference; fileEncoding = 4; lastKnownFileType = sourcecode.swift; path = APIResponse.swift; sourceTree = "<group>"; };
		84D46C9729A874A300721D8E /* API.swift */ = {isa = PBXFileReference; fileEncoding = 4; lastKnownFileType = sourcecode.swift; path = API.swift; sourceTree = "<group>"; };
		84D46C9E29A874C200721D8E /* HomeTabbarCoordinator.swift */ = {isa = PBXFileReference; fileEncoding = 4; lastKnownFileType = sourcecode.swift; path = HomeTabbarCoordinator.swift; sourceTree = "<group>"; };
		84D46CA429A875E100721D8E /* AppCoordinator.swift */ = {isa = PBXFileReference; fileEncoding = 4; lastKnownFileType = sourcecode.swift; path = AppCoordinator.swift; sourceTree = "<group>"; };
		84D46CA529A875E100721D8E /* BaseCoordinator.swift */ = {isa = PBXFileReference; fileEncoding = 4; lastKnownFileType = sourcecode.swift; path = BaseCoordinator.swift; sourceTree = "<group>"; };
		84D46CAF29A88F2400721D8E /* BaseViewController.swift */ = {isa = PBXFileReference; fileEncoding = 4; lastKnownFileType = sourcecode.swift; path = BaseViewController.swift; sourceTree = "<group>"; };
		84D46CB329A88FC400721D8E /* HomeTabbarViewController.swift */ = {isa = PBXFileReference; fileEncoding = 4; lastKnownFileType = sourcecode.swift; path = HomeTabbarViewController.swift; sourceTree = "<group>"; };
		84D46CB629A88FC400721D8E /* FavoritedMovieViewController.swift */ = {isa = PBXFileReference; fileEncoding = 4; lastKnownFileType = sourcecode.swift; path = FavoritedMovieViewController.swift; sourceTree = "<group>"; };
		84D46CB729A88FC400721D8E /* FavoritedMovieViewController.xib */ = {isa = PBXFileReference; fileEncoding = 4; lastKnownFileType = file.xib; path = FavoritedMovieViewController.xib; sourceTree = "<group>"; };
		84D46CB929A88FC400721D8E /* MovieListViewController.swift */ = {isa = PBXFileReference; fileEncoding = 4; lastKnownFileType = sourcecode.swift; path = MovieListViewController.swift; sourceTree = "<group>"; };
		84D46CBA29A88FC400721D8E /* MovieListViewController.xib */ = {isa = PBXFileReference; fileEncoding = 4; lastKnownFileType = file.xib; path = MovieListViewController.xib; sourceTree = "<group>"; };
		84D46CBC29A88FC400721D8E /* MovieItemTableViewCell.swift */ = {isa = PBXFileReference; fileEncoding = 4; lastKnownFileType = sourcecode.swift; path = MovieItemTableViewCell.swift; sourceTree = "<group>"; };
		84D46CBD29A88FC400721D8E /* MovieItemTableViewCell.xib */ = {isa = PBXFileReference; fileEncoding = 4; lastKnownFileType = file.xib; path = MovieItemTableViewCell.xib; sourceTree = "<group>"; };
		84D46CC629A8A5D400721D8E /* CacheService.swift */ = {isa = PBXFileReference; lastKnownFileType = sourcecode.swift; path = CacheService.swift; sourceTree = "<group>"; };
		84D46CC929A8A90B00721D8E /* FavoriteService.swift */ = {isa = PBXFileReference; lastKnownFileType = sourcecode.swift; path = FavoriteService.swift; sourceTree = "<group>"; };
		84D46CCB29A8BBBA00721D8E /* FavoriteListViewModel.swift */ = {isa = PBXFileReference; lastKnownFileType = sourcecode.swift; path = FavoriteListViewModel.swift; sourceTree = "<group>"; };
		84D46CCD29A9963D00721D8E /* FavoritedMovieCoordinator.swift */ = {isa = PBXFileReference; lastKnownFileType = sourcecode.swift; path = FavoritedMovieCoordinator.swift; sourceTree = "<group>"; };
		84D46CCF29A99DD700721D8E /* MovieListCoordinator.swift */ = {isa = PBXFileReference; lastKnownFileType = sourcecode.swift; path = MovieListCoordinator.swift; sourceTree = "<group>"; };
		84D46CD129A9A03500721D8E /* MovieDetailCoordinator.swift */ = {isa = PBXFileReference; lastKnownFileType = sourcecode.swift; path = MovieDetailCoordinator.swift; sourceTree = "<group>"; };
		84D46CD329A9A6A300721D8E /* SearchCoordinator.swift */ = {isa = PBXFileReference; lastKnownFileType = sourcecode.swift; path = SearchCoordinator.swift; sourceTree = "<group>"; };
		8D0BD3A6A4249B934F6A04CC /* Pods-AppetiserMovie.release.xcconfig */ = {isa = PBXFileReference; includeInIndex = 1; lastKnownFileType = text.xcconfig; name = "Pods-AppetiserMovie.release.xcconfig"; path = "Target Support Files/Pods-AppetiserMovie/Pods-AppetiserMovie.release.xcconfig"; sourceTree = "<group>"; };
		8DEA4006627D0C54AA9D9368 /* Pods-AppetiserMovie-AppetiserMovieUITests.release.xcconfig */ = {isa = PBXFileReference; includeInIndex = 1; lastKnownFileType = text.xcconfig; name = "Pods-AppetiserMovie-AppetiserMovieUITests.release.xcconfig"; path = "Target Support Files/Pods-AppetiserMovie-AppetiserMovieUITests/Pods-AppetiserMovie-AppetiserMovieUITests.release.xcconfig"; sourceTree = "<group>"; };
		9ADAB7F961D713B5E31C5522 /* Pods-AppetiserMovie-AppetiserMovieUITests.debug.xcconfig */ = {isa = PBXFileReference; includeInIndex = 1; lastKnownFileType = text.xcconfig; name = "Pods-AppetiserMovie-AppetiserMovieUITests.debug.xcconfig"; path = "Target Support Files/Pods-AppetiserMovie-AppetiserMovieUITests/Pods-AppetiserMovie-AppetiserMovieUITests.debug.xcconfig"; sourceTree = "<group>"; };
		A7B917D600E6FB5F6849AAAF /* Pods_AppetiserMovie.framework */ = {isa = PBXFileReference; explicitFileType = wrapper.framework; includeInIndex = 0; path = Pods_AppetiserMovie.framework; sourceTree = BUILT_PRODUCTS_DIR; };
		AB29823629A7178B007E3E76 /* Proxima Nova Alt Bold.otf */ = {isa = PBXFileReference; lastKnownFileType = file; path = "Proxima Nova Alt Bold.otf"; sourceTree = "<group>"; };
		AB29823729A7178B007E3E76 /* Proxima Nova Black.otf */ = {isa = PBXFileReference; lastKnownFileType = file; path = "Proxima Nova Black.otf"; sourceTree = "<group>"; };
		AB29823829A7178B007E3E76 /* Proxima Nova Thin.otf */ = {isa = PBXFileReference; lastKnownFileType = file; path = "Proxima Nova Thin.otf"; sourceTree = "<group>"; };
		AB29823929A7178B007E3E76 /* Proxima Nova Extrabold.otf */ = {isa = PBXFileReference; lastKnownFileType = file; path = "Proxima Nova Extrabold.otf"; sourceTree = "<group>"; };
		AB29823A29A7178B007E3E76 /* Proxima Nova Normal.otf */ = {isa = PBXFileReference; lastKnownFileType = file; path = "Proxima Nova Normal.otf"; sourceTree = "<group>"; };
		AB29823B29A7178B007E3E76 /* Proxima Nova Alt Thin.otf */ = {isa = PBXFileReference; lastKnownFileType = file; path = "Proxima Nova Alt Thin.otf"; sourceTree = "<group>"; };
		AB29823C29A7178B007E3E76 /* Proxima Nova Alt Light.otf */ = {isa = PBXFileReference; lastKnownFileType = file; path = "Proxima Nova Alt Light.otf"; sourceTree = "<group>"; };
		AB29823D29A7178B007E3E76 /* Proxima Nova Semi Bold.otf */ = {isa = PBXFileReference; lastKnownFileType = file; path = "Proxima Nova Semi Bold.otf"; sourceTree = "<group>"; };
		AB29823E29A7178B007E3E76 /* Proxima Nova Bold.otf */ = {isa = PBXFileReference; lastKnownFileType = file; path = "Proxima Nova Bold.otf"; sourceTree = "<group>"; };
		AB29823F29A7178B007E3E76 /* ProximaNova-Regular.otf */ = {isa = PBXFileReference; lastKnownFileType = file; path = "ProximaNova-Regular.otf"; sourceTree = "<group>"; };
		AB29825429A71ACC007E3E76 /* en */ = {isa = PBXFileReference; lastKnownFileType = text.plist.strings; name = en; path = en.lproj/Localizable.strings; sourceTree = "<group>"; };
		AB29825629A71C7D007E3E76 /* Assets.swift */ = {isa = PBXFileReference; fileEncoding = 4; lastKnownFileType = sourcecode.swift; path = Assets.swift; sourceTree = "<group>"; };
		AB29825729A71C7E007E3E76 /* Fonts.swift */ = {isa = PBXFileReference; fileEncoding = 4; lastKnownFileType = sourcecode.swift; path = Fonts.swift; sourceTree = "<group>"; };
		AB29825829A71C7E007E3E76 /* Localization.swift */ = {isa = PBXFileReference; fileEncoding = 4; lastKnownFileType = sourcecode.swift; path = Localization.swift; sourceTree = "<group>"; };
		AB29826D29A72368007E3E76 /* DSColor.swift */ = {isa = PBXFileReference; fileEncoding = 4; lastKnownFileType = sourcecode.swift; path = DSColor.swift; sourceTree = "<group>"; };
		AB29826F29A72368007E3E76 /* StateViewPresentable.swift */ = {isa = PBXFileReference; fileEncoding = 4; lastKnownFileType = sourcecode.swift; path = StateViewPresentable.swift; sourceTree = "<group>"; };
		AB29827029A72368007E3E76 /* DefaultStateConfigs.swift */ = {isa = PBXFileReference; fileEncoding = 4; lastKnownFileType = sourcecode.swift; path = DefaultStateConfigs.swift; sourceTree = "<group>"; };
		AB29827229A72368007E3E76 /* StateViewPresentable+Extension.swift */ = {isa = PBXFileReference; fileEncoding = 4; lastKnownFileType = sourcecode.swift; path = "StateViewPresentable+Extension.swift"; sourceTree = "<group>"; };
		AB29827329A72368007E3E76 /* StateConfig.swift */ = {isa = PBXFileReference; fileEncoding = 4; lastKnownFileType = sourcecode.swift; path = StateConfig.swift; sourceTree = "<group>"; };
		AB29827429A72368007E3E76 /* ViewStates.swift */ = {isa = PBXFileReference; fileEncoding = 4; lastKnownFileType = sourcecode.swift; path = ViewStates.swift; sourceTree = "<group>"; };
		AB29827529A72368007E3E76 /* LoadingStyle.swift */ = {isa = PBXFileReference; fileEncoding = 4; lastKnownFileType = sourcecode.swift; path = LoadingStyle.swift; sourceTree = "<group>"; };
		AB29827729A72368007E3E76 /* DSTextStyle.swift */ = {isa = PBXFileReference; fileEncoding = 4; lastKnownFileType = sourcecode.swift; path = DSTextStyle.swift; sourceTree = "<group>"; };
		AB29827829A72368007E3E76 /* UILabel+DSTextStyle.swift */ = {isa = PBXFileReference; fileEncoding = 4; lastKnownFileType = sourcecode.swift; path = "UILabel+DSTextStyle.swift"; sourceTree = "<group>"; };
		AB29827929A72368007E3E76 /* UIButton+DSTextStyle.swift */ = {isa = PBXFileReference; fileEncoding = 4; lastKnownFileType = sourcecode.swift; path = "UIButton+DSTextStyle.swift"; sourceTree = "<group>"; };
		AB29827A29A72368007E3E76 /* UITextView+DSTextStyle.swift */ = {isa = PBXFileReference; fileEncoding = 4; lastKnownFileType = sourcecode.swift; path = "UITextView+DSTextStyle.swift"; sourceTree = "<group>"; };
		AB29827B29A72368007E3E76 /* UITextField+DSTextStyle.swift */ = {isa = PBXFileReference; fileEncoding = 4; lastKnownFileType = sourcecode.swift; path = "UITextField+DSTextStyle.swift"; sourceTree = "<group>"; };
		AB29827E29A72368007E3E76 /* SkeletonTableView.swift */ = {isa = PBXFileReference; fileEncoding = 4; lastKnownFileType = sourcecode.swift; path = SkeletonTableView.swift; sourceTree = "<group>"; };
		AB29827F29A72368007E3E76 /* SkeletonCollectionView.swift */ = {isa = PBXFileReference; fileEncoding = 4; lastKnownFileType = sourcecode.swift; path = SkeletonCollectionView.swift; sourceTree = "<group>"; };
		AB29829029A723C3007E3E76 /* DSStateView.swift */ = {isa = PBXFileReference; fileEncoding = 4; lastKnownFileType = sourcecode.swift; path = DSStateView.swift; sourceTree = "<group>"; };
		AB29829229A72704007E3E76 /* Optional+Extension.swift */ = {isa = PBXFileReference; lastKnownFileType = sourcecode.swift; path = "Optional+Extension.swift"; sourceTree = "<group>"; };
		AB29829529A7279B007E3E76 /* DSButton.swift */ = {isa = PBXFileReference; lastKnownFileType = sourcecode.swift; path = DSButton.swift; sourceTree = "<group>"; };
		AB29829729A72800007E3E76 /* UIButton+Extension.swift */ = {isa = PBXFileReference; lastKnownFileType = sourcecode.swift; path = "UIButton+Extension.swift"; sourceTree = "<group>"; };
		AB29829929A728FF007E3E76 /* ViewControllerLifecycleObservable.swift */ = {isa = PBXFileReference; lastKnownFileType = sourcecode.swift; path = ViewControllerLifecycleObservable.swift; sourceTree = "<group>"; };
		AB29829B29A72938007E3E76 /* UIViewController+Rx.swift */ = {isa = PBXFileReference; lastKnownFileType = sourcecode.swift; path = "UIViewController+Rx.swift"; sourceTree = "<group>"; };
		AB2982C029A8747C007E3E76 /* Base */ = {isa = PBXFileReference; lastKnownFileType = file.storyboard; name = Base; path = Base.lproj/Main.storyboard; sourceTree = "<group>"; };
		AB2982C729A87CD1007E3E76 /* UIView+Extension.swift */ = {isa = PBXFileReference; lastKnownFileType = sourcecode.swift; path = "UIView+Extension.swift"; sourceTree = "<group>"; };
		AB2982C929A87F82007E3E76 /* UIImageView+Extension.swift */ = {isa = PBXFileReference; lastKnownFileType = sourcecode.swift; path = "UIImageView+Extension.swift"; sourceTree = "<group>"; };
		AB2982E129A89834007E3E76 /* BaseViewModel.swift */ = {isa = PBXFileReference; fileEncoding = 4; lastKnownFileType = sourcecode.swift; path = BaseViewModel.swift; sourceTree = "<group>"; };
		AB2982E329A89834007E3E76 /* MVVMView.swift */ = {isa = PBXFileReference; fileEncoding = 4; lastKnownFileType = sourcecode.swift; path = MVVMView.swift; sourceTree = "<group>"; };
		AB2982E629A8985A007E3E76 /* MovieListViewModel.swift */ = {isa = PBXFileReference; fileEncoding = 4; lastKnownFileType = sourcecode.swift; path = MovieListViewModel.swift; sourceTree = "<group>"; };
		AB2982E929A89860007E3E76 /* MovieItemLoadingTableViewCell.xib */ = {isa = PBXFileReference; fileEncoding = 4; lastKnownFileType = file.xib; path = MovieItemLoadingTableViewCell.xib; sourceTree = "<group>"; };
		AB2982EA29A89860007E3E76 /* MovieItemLoadingTableViewCell.swift */ = {isa = PBXFileReference; fileEncoding = 4; lastKnownFileType = sourcecode.swift; path = MovieItemLoadingTableViewCell.swift; sourceTree = "<group>"; };
		AB2982EE29A89887007E3E76 /* Shortcuts+Rx.swift */ = {isa = PBXFileReference; fileEncoding = 4; lastKnownFileType = sourcecode.swift; path = "Shortcuts+Rx.swift"; sourceTree = "<group>"; };
		AB2982EF29A89887007E3E76 /* Retry+Rx.swift */ = {isa = PBXFileReference; fileEncoding = 4; lastKnownFileType = sourcecode.swift; path = "Retry+Rx.swift"; sourceTree = "<group>"; };
		AB2982F029A89887007E3E76 /* TakeWhen.swift */ = {isa = PBXFileReference; fileEncoding = 4; lastKnownFileType = sourcecode.swift; path = TakeWhen.swift; sourceTree = "<group>"; };
		AB2982F529A8A6D6007E3E76 /* SearchViewController.swift */ = {isa = PBXFileReference; lastKnownFileType = sourcecode.swift; path = SearchViewController.swift; sourceTree = "<group>"; };
		AB2982F629A8A6D6007E3E76 /* SearchViewController.xib */ = {isa = PBXFileReference; lastKnownFileType = file.xib; path = SearchViewController.xib; sourceTree = "<group>"; };
		AB2982FC29A8B221007E3E76 /* MovieDetailViewController.swift */ = {isa = PBXFileReference; lastKnownFileType = sourcecode.swift; path = MovieDetailViewController.swift; sourceTree = "<group>"; };
		AB2982FD29A8B221007E3E76 /* MovieDetailViewController.xib */ = {isa = PBXFileReference; lastKnownFileType = file.xib; path = MovieDetailViewController.xib; sourceTree = "<group>"; };
		AB29830229A8B2A3007E3E76 /* MovieSummaryTableViewCell.swift */ = {isa = PBXFileReference; lastKnownFileType = sourcecode.swift; path = MovieSummaryTableViewCell.swift; sourceTree = "<group>"; };
		AB29830329A8B2A3007E3E76 /* MovieSummaryTableViewCell.xib */ = {isa = PBXFileReference; lastKnownFileType = file.xib; path = MovieSummaryTableViewCell.xib; sourceTree = "<group>"; };
		AB29830729A8B4E7007E3E76 /* MovieDescriptionTableViewCell.swift */ = {isa = PBXFileReference; lastKnownFileType = sourcecode.swift; path = MovieDescriptionTableViewCell.swift; sourceTree = "<group>"; };
		AB29830829A8B4E7007E3E76 /* MovieDescriptionTableViewCell.xib */ = {isa = PBXFileReference; lastKnownFileType = file.xib; path = MovieDescriptionTableViewCell.xib; sourceTree = "<group>"; };
		AB29830B29A8B6A6007E3E76 /* MovieDetailViewModel.swift */ = {isa = PBXFileReference; lastKnownFileType = sourcecode.swift; path = MovieDetailViewModel.swift; sourceTree = "<group>"; };
		AB7F18F229A710C500F841EB /* AppetiserMovie.app */ = {isa = PBXFileReference; explicitFileType = wrapper.application; includeInIndex = 0; path = AppetiserMovie.app; sourceTree = BUILT_PRODUCTS_DIR; };
		AB7F18F529A710C500F841EB /* AppDelegate.swift */ = {isa = PBXFileReference; lastKnownFileType = sourcecode.swift; path = AppDelegate.swift; sourceTree = "<group>"; };
		AB7F18FE29A710C800F841EB /* Assets.xcassets */ = {isa = PBXFileReference; lastKnownFileType = folder.assetcatalog; path = Assets.xcassets; sourceTree = "<group>"; };
		AB7F190129A710C800F841EB /* Base */ = {isa = PBXFileReference; lastKnownFileType = file.storyboard; name = Base; path = Base.lproj/LaunchScreen.storyboard; sourceTree = "<group>"; };
		AB7F190329A710C800F841EB /* Info.plist */ = {isa = PBXFileReference; lastKnownFileType = text.plist.xml; path = Info.plist; sourceTree = "<group>"; };
		AB7F190829A710C800F841EB /* AppetiserMovieTests.xctest */ = {isa = PBXFileReference; explicitFileType = wrapper.cfbundle; includeInIndex = 0; path = AppetiserMovieTests.xctest; sourceTree = BUILT_PRODUCTS_DIR; };
		AB7F190C29A710C800F841EB /* AppetiserMovieTests.swift */ = {isa = PBXFileReference; lastKnownFileType = sourcecode.swift; path = AppetiserMovieTests.swift; sourceTree = "<group>"; };
		AB7F191229A710C800F841EB /* AppetiserMovieUITests.xctest */ = {isa = PBXFileReference; explicitFileType = wrapper.cfbundle; includeInIndex = 0; path = AppetiserMovieUITests.xctest; sourceTree = BUILT_PRODUCTS_DIR; };
		AB7F191629A710C800F841EB /* AppetiserMovieUITests.swift */ = {isa = PBXFileReference; lastKnownFileType = sourcecode.swift; path = AppetiserMovieUITests.swift; sourceTree = "<group>"; };
		AB7F191829A710C800F841EB /* AppetiserMovieUITestsLaunchTests.swift */ = {isa = PBXFileReference; lastKnownFileType = sourcecode.swift; path = AppetiserMovieUITestsLaunchTests.swift; sourceTree = "<group>"; };
		CFFC86E03FCA24CAB3BBC887 /* Pods_AppetiserMovieTests.framework */ = {isa = PBXFileReference; explicitFileType = wrapper.framework; includeInIndex = 0; path = Pods_AppetiserMovieTests.framework; sourceTree = BUILT_PRODUCTS_DIR; };
		F433B35B140FD14CD56208C4 /* Pods-AppetiserMovieTests.release.xcconfig */ = {isa = PBXFileReference; includeInIndex = 1; lastKnownFileType = text.xcconfig; name = "Pods-AppetiserMovieTests.release.xcconfig"; path = "Target Support Files/Pods-AppetiserMovieTests/Pods-AppetiserMovieTests.release.xcconfig"; sourceTree = "<group>"; };
/* End PBXFileReference section */

/* Begin PBXFrameworksBuildPhase section */
		AB7F18EF29A710C500F841EB /* Frameworks */ = {
			isa = PBXFrameworksBuildPhase;
			buildActionMask = 2147483647;
			files = (
				2D91CE29B46C3AE66E53340E /* Pods_AppetiserMovie.framework in Frameworks */,
			);
			runOnlyForDeploymentPostprocessing = 0;
		};
		AB7F190529A710C800F841EB /* Frameworks */ = {
			isa = PBXFrameworksBuildPhase;
			buildActionMask = 2147483647;
			files = (
				4B25814020CDB8BF0690BFB0 /* Pods_AppetiserMovieTests.framework in Frameworks */,
			);
			runOnlyForDeploymentPostprocessing = 0;
		};
		AB7F190F29A710C800F841EB /* Frameworks */ = {
			isa = PBXFrameworksBuildPhase;
			buildActionMask = 2147483647;
			files = (
				56C3842EAD55ADCDCE31B405 /* Pods_AppetiserMovie_AppetiserMovieUITests.framework in Frameworks */,
			);
			runOnlyForDeploymentPostprocessing = 0;
		};
/* End PBXFrameworksBuildPhase section */

/* Begin PBXGroup section */
		0D2B82100E1E001985AA54DD /* Pods */ = {
			isa = PBXGroup;
			children = (
				07F16BA6CC7CAAC6B1A6BB55 /* Pods-AppetiserMovie.debug.xcconfig */,
				8D0BD3A6A4249B934F6A04CC /* Pods-AppetiserMovie.release.xcconfig */,
				9ADAB7F961D713B5E31C5522 /* Pods-AppetiserMovie-AppetiserMovieUITests.debug.xcconfig */,
				8DEA4006627D0C54AA9D9368 /* Pods-AppetiserMovie-AppetiserMovieUITests.release.xcconfig */,
				2B73E40A4F72695C1E8A4BB3 /* Pods-AppetiserMovieTests.debug.xcconfig */,
				F433B35B140FD14CD56208C4 /* Pods-AppetiserMovieTests.release.xcconfig */,
			);
			path = Pods;
			sourceTree = "<group>";
		};
		84D46C8B29A8749000721D8E /* Services */ = {
			isa = PBXGroup;
			children = (
				84D46CC829A8A8F500721D8E /* FavoriteService */,
				84D46CC529A8A5C300721D8E /* CacheService */,
				84D46C8C29A8749000721D8E /* SearchService */,
			);
			path = Services;
			sourceTree = "<group>";
		};
		84D46C8C29A8749000721D8E /* SearchService */ = {
			isa = PBXGroup;
			children = (
				84D46C8D29A8749000721D8E /* SearchItemTarget.swift */,
				84D46C8E29A8749000721D8E /* SearchItemService .swift */,
			);
			path = SearchService;
			sourceTree = "<group>";
		};
		84D46C9129A8749900721D8E /* Models */ = {
			isa = PBXGroup;
			children = (
				84D46C9229A8749900721D8E /* Movie.swift */,
			);
			path = Models;
			sourceTree = "<group>";
		};
		84D46C9429A874A300721D8E /* Networking */ = {
			isa = PBXGroup;
			children = (
				84D46C9529A874A300721D8E /* TargetType.swift */,
				84D46C9629A874A300721D8E /* APIResponse.swift */,
				84D46C9729A874A300721D8E /* API.swift */,
			);
			path = Networking;
			sourceTree = "<group>";
		};
		84D46CA329A875E100721D8E /* Coordinator */ = {
			isa = PBXGroup;
			children = (
				84D46CA429A875E100721D8E /* AppCoordinator.swift */,
				84D46CA529A875E100721D8E /* BaseCoordinator.swift */,
			);
			path = Coordinator;
			sourceTree = "<group>";
		};
		84D46CA829A88D6800721D8E /* Recovered References */ = {
			isa = PBXGroup;
			children = (
			);
			name = "Recovered References";
			sourceTree = "<group>";
		};
		84D46CA929A88E2600721D8E /* Base */ = {
			isa = PBXGroup;
			children = (
				AB2982E029A89834007E3E76 /* BaseViewModel */,
				AB2982E229A89834007E3E76 /* MVVMView */,
				84D46CAE29A88F2400721D8E /* BaseViewController */,
			);
			path = Base;
			sourceTree = "<group>";
		};
		84D46CAE29A88F2400721D8E /* BaseViewController */ = {
			isa = PBXGroup;
			children = (
				84D46CAF29A88F2400721D8E /* BaseViewController.swift */,
			);
			path = BaseViewController;
			sourceTree = "<group>";
		};
		84D46CB129A88FC400721D8E /* Features */ = {
			isa = PBXGroup;
			children = (
				84D46CB229A88FC400721D8E /* Homes */,
				84D46CB429A88FC400721D8E /* Movies */,
			);
			path = Features;
			sourceTree = "<group>";
		};
		84D46CB229A88FC400721D8E /* Homes */ = {
			isa = PBXGroup;
			children = (
				84D46C9E29A874C200721D8E /* HomeTabbarCoordinator.swift */,
				84D46CB329A88FC400721D8E /* HomeTabbarViewController.swift */,
			);
			path = Homes;
			sourceTree = "<group>";
		};
		84D46CB429A88FC400721D8E /* Movies */ = {
			isa = PBXGroup;
			children = (
				AB2982FB29A8B1E3007E3E76 /* Detail */,
				AB2982F429A8A6A5007E3E76 /* Search */,
				84D46CB529A88FC400721D8E /* Favorite */,
				84D46CB829A88FC400721D8E /* List */,
			);
			path = Movies;
			sourceTree = "<group>";
		};
		84D46CB529A88FC400721D8E /* Favorite */ = {
			isa = PBXGroup;
			children = (
				84D46CB629A88FC400721D8E /* FavoritedMovieViewController.swift */,
				84D46CB729A88FC400721D8E /* FavoritedMovieViewController.xib */,
				84D46CCB29A8BBBA00721D8E /* FavoriteListViewModel.swift */,
				84D46CCD29A9963D00721D8E /* FavoritedMovieCoordinator.swift */,
			);
			path = Favorite;
			sourceTree = "<group>";
		};
		84D46CB829A88FC400721D8E /* List */ = {
			isa = PBXGroup;
			children = (
				84D46CCF29A99DD700721D8E /* MovieListCoordinator.swift */,
				AB2982E629A8985A007E3E76 /* MovieListViewModel.swift */,
				84D46CB929A88FC400721D8E /* MovieListViewController.swift */,
				84D46CBA29A88FC400721D8E /* MovieListViewController.xib */,
				84D46CBB29A88FC400721D8E /* Views */,
			);
			path = List;
			sourceTree = "<group>";
		};
		84D46CBB29A88FC400721D8E /* Views */ = {
			isa = PBXGroup;
			children = (
				AB2982E829A89860007E3E76 /* LoadingView */,
				84D46CBC29A88FC400721D8E /* MovieItemTableViewCell.swift */,
				84D46CBD29A88FC400721D8E /* MovieItemTableViewCell.xib */,
			);
			path = Views;
			sourceTree = "<group>";
		};
		84D46CC529A8A5C300721D8E /* CacheService */ = {
			isa = PBXGroup;
			children = (
				84D46CC629A8A5D400721D8E /* CacheService.swift */,
			);
			path = CacheService;
			sourceTree = "<group>";
		};
		84D46CC829A8A8F500721D8E /* FavoriteService */ = {
			isa = PBXGroup;
			children = (
				84D46CC929A8A90B00721D8E /* FavoriteService.swift */,
			);
			path = FavoriteService;
			sourceTree = "<group>";
		};
		AB29822C29A7154F007E3E76 /* Extension */ = {
			isa = PBXGroup;
			children = (
				AB2982ED29A89887007E3E76 /* Rx+Extension */,
				AB29829229A72704007E3E76 /* Optional+Extension.swift */,
				AB29829729A72800007E3E76 /* UIButton+Extension.swift */,
				AB29829B29A72938007E3E76 /* UIViewController+Rx.swift */,
				AB2982C729A87CD1007E3E76 /* UIView+Extension.swift */,
				AB2982C929A87F82007E3E76 /* UIImageView+Extension.swift */,
			);
			path = Extension;
			sourceTree = "<group>";
		};
		AB29822E29A715B9007E3E76 /* Resources */ = {
			isa = PBXGroup;
			children = (
				AB29825329A71ACC007E3E76 /* Localizable.strings */,
				AB29823329A7165F007E3E76 /* Fonts */,
				AB29823129A71645007E3E76 /* Assets */,
				AB29823029A7163D007E3E76 /* Generated */,
			);
			path = Resources;
			sourceTree = "<group>";
		};
		AB29822F29A715DD007E3E76 /* Utils */ = {
			isa = PBXGroup;
			children = (
				AB29829929A728FF007E3E76 /* ViewControllerLifecycleObservable.swift */,
			);
			path = Utils;
			sourceTree = "<group>";
		};
		AB29823029A7163D007E3E76 /* Generated */ = {
			isa = PBXGroup;
			children = (
				AB29825629A71C7D007E3E76 /* Assets.swift */,
				AB29825729A71C7E007E3E76 /* Fonts.swift */,
				AB29825829A71C7E007E3E76 /* Localization.swift */,
			);
			path = Generated;
			sourceTree = "<group>";
		};
		AB29823129A71645007E3E76 /* Assets */ = {
			isa = PBXGroup;
			children = (
				AB7F18FE29A710C800F841EB /* Assets.xcassets */,
			);
			path = Assets;
			sourceTree = "<group>";
		};
		AB29823329A7165F007E3E76 /* Fonts */ = {
			isa = PBXGroup;
			children = (
				AB29823629A7178B007E3E76 /* Proxima Nova Alt Bold.otf */,
				AB29823C29A7178B007E3E76 /* Proxima Nova Alt Light.otf */,
				AB29823B29A7178B007E3E76 /* Proxima Nova Alt Thin.otf */,
				AB29823729A7178B007E3E76 /* Proxima Nova Black.otf */,
				AB29823E29A7178B007E3E76 /* Proxima Nova Bold.otf */,
				AB29823929A7178B007E3E76 /* Proxima Nova Extrabold.otf */,
				AB29823A29A7178B007E3E76 /* Proxima Nova Normal.otf */,
				AB29823D29A7178B007E3E76 /* Proxima Nova Semi Bold.otf */,
				AB29823829A7178B007E3E76 /* Proxima Nova Thin.otf */,
				AB29823F29A7178B007E3E76 /* ProximaNova-Regular.otf */,
			);
			path = Fonts;
			sourceTree = "<group>";
		};
		AB29826B29A72368007E3E76 /* DesignSystem */ = {
			isa = PBXGroup;
			children = (
				AB29829429A72795007E3E76 /* DSButton */,
				AB29826C29A72368007E3E76 /* DSColor */,
				AB29827629A72368007E3E76 /* DSTextStyle */,
				AB29827C29A72368007E3E76 /* DSStateView */,
			);
			path = DesignSystem;
			sourceTree = "<group>";
		};
		AB29826C29A72368007E3E76 /* DSColor */ = {
			isa = PBXGroup;
			children = (
				AB29826D29A72368007E3E76 /* DSColor.swift */,
			);
			path = DSColor;
			sourceTree = "<group>";
		};
		AB29826E29A72368007E3E76 /* StateViewPresentable */ = {
			isa = PBXGroup;
			children = (
				AB29826F29A72368007E3E76 /* StateViewPresentable.swift */,
				AB29827029A72368007E3E76 /* DefaultStateConfigs.swift */,
				AB29827229A72368007E3E76 /* StateViewPresentable+Extension.swift */,
				AB29827329A72368007E3E76 /* StateConfig.swift */,
				AB29827429A72368007E3E76 /* ViewStates.swift */,
				AB29827529A72368007E3E76 /* LoadingStyle.swift */,
			);
			path = StateViewPresentable;
			sourceTree = "<group>";
		};
		AB29827629A72368007E3E76 /* DSTextStyle */ = {
			isa = PBXGroup;
			children = (
				AB29827729A72368007E3E76 /* DSTextStyle.swift */,
				AB29827829A72368007E3E76 /* UILabel+DSTextStyle.swift */,
				AB29827929A72368007E3E76 /* UIButton+DSTextStyle.swift */,
				AB29827A29A72368007E3E76 /* UITextView+DSTextStyle.swift */,
				AB29827B29A72368007E3E76 /* UITextField+DSTextStyle.swift */,
			);
			path = DSTextStyle;
			sourceTree = "<group>";
		};
		AB29827C29A72368007E3E76 /* DSStateView */ = {
			isa = PBXGroup;
			children = (
				AB29828F29A723C3007E3E76 /* DSStateView */,
				AB29827D29A72368007E3E76 /* DSEmptyViews */,
				AB29826E29A72368007E3E76 /* StateViewPresentable */,
			);
			path = DSStateView;
			sourceTree = "<group>";
		};
		AB29827D29A72368007E3E76 /* DSEmptyViews */ = {
			isa = PBXGroup;
			children = (
				AB29827E29A72368007E3E76 /* SkeletonTableView.swift */,
				AB29827F29A72368007E3E76 /* SkeletonCollectionView.swift */,
			);
			path = DSEmptyViews;
			sourceTree = "<group>";
		};
		AB29828F29A723C3007E3E76 /* DSStateView */ = {
			isa = PBXGroup;
			children = (
				AB29829029A723C3007E3E76 /* DSStateView.swift */,
			);
			path = DSStateView;
			sourceTree = "<group>";
		};
		AB29829429A72795007E3E76 /* DSButton */ = {
			isa = PBXGroup;
			children = (
				AB29829529A7279B007E3E76 /* DSButton.swift */,
			);
			path = DSButton;
			sourceTree = "<group>";
		};
		AB2982E029A89834007E3E76 /* BaseViewModel */ = {
			isa = PBXGroup;
			children = (
				AB2982E129A89834007E3E76 /* BaseViewModel.swift */,
			);
			path = BaseViewModel;
			sourceTree = "<group>";
		};
		AB2982E229A89834007E3E76 /* MVVMView */ = {
			isa = PBXGroup;
			children = (
				AB2982E329A89834007E3E76 /* MVVMView.swift */,
			);
			path = MVVMView;
			sourceTree = "<group>";
		};
		AB2982E829A89860007E3E76 /* LoadingView */ = {
			isa = PBXGroup;
			children = (
				AB2982E929A89860007E3E76 /* MovieItemLoadingTableViewCell.xib */,
				AB2982EA29A89860007E3E76 /* MovieItemLoadingTableViewCell.swift */,
			);
			path = LoadingView;
			sourceTree = "<group>";
		};
		AB2982ED29A89887007E3E76 /* Rx+Extension */ = {
			isa = PBXGroup;
			children = (
				AB2982EE29A89887007E3E76 /* Shortcuts+Rx.swift */,
				AB2982EF29A89887007E3E76 /* Retry+Rx.swift */,
				AB2982F029A89887007E3E76 /* TakeWhen.swift */,
			);
			path = "Rx+Extension";
			sourceTree = "<group>";
		};
		AB2982F429A8A6A5007E3E76 /* Search */ = {
			isa = PBXGroup;
			children = (
				AB2982F529A8A6D6007E3E76 /* SearchViewController.swift */,
				AB2982F629A8A6D6007E3E76 /* SearchViewController.xib */,
				84D46CD329A9A6A300721D8E /* SearchCoordinator.swift */,
			);
			path = Search;
			sourceTree = "<group>";
		};
		AB2982FB29A8B1E3007E3E76 /* Detail */ = {
			isa = PBXGroup;
			children = (
				AB29830029A8B256007E3E76 /* Views */,
				84D46CD129A9A03500721D8E /* MovieDetailCoordinator.swift */,
				AB2982FC29A8B221007E3E76 /* MovieDetailViewController.swift */,
				AB2982FD29A8B221007E3E76 /* MovieDetailViewController.xib */,
				AB29830B29A8B6A6007E3E76 /* MovieDetailViewModel.swift */,
			);
			path = Detail;
			sourceTree = "<group>";
		};
		AB29830029A8B256007E3E76 /* Views */ = {
			isa = PBXGroup;
			children = (
				AB29830629A8B4BD007E3E76 /* DescriptionCell */,
				AB29830129A8B294007E3E76 /* SummaryCell */,
			);
			path = Views;
			sourceTree = "<group>";
		};
		AB29830129A8B294007E3E76 /* SummaryCell */ = {
			isa = PBXGroup;
			children = (
				AB29830229A8B2A3007E3E76 /* MovieSummaryTableViewCell.swift */,
				AB29830329A8B2A3007E3E76 /* MovieSummaryTableViewCell.xib */,
			);
			path = SummaryCell;
			sourceTree = "<group>";
		};
		AB29830629A8B4BD007E3E76 /* DescriptionCell */ = {
			isa = PBXGroup;
			children = (
				AB29830729A8B4E7007E3E76 /* MovieDescriptionTableViewCell.swift */,
				AB29830829A8B4E7007E3E76 /* MovieDescriptionTableViewCell.xib */,
			);
			path = DescriptionCell;
			sourceTree = "<group>";
		};
		AB2CDAF129A9B7EE002940AD /* Storyboard */ = {
			isa = PBXGroup;
			children = (
				AB2982BF29A8747C007E3E76 /* Main.storyboard */,
				AB7F190029A710C800F841EB /* LaunchScreen.storyboard */,
			);
			path = Storyboard;
			sourceTree = "<group>";
		};
		AB7F18E929A710C500F841EB = {
			isa = PBXGroup;
			children = (
				AB7F18F429A710C500F841EB /* AppetiserMovie */,
				AB7F190B29A710C800F841EB /* AppetiserMovieTests */,
				AB7F191529A710C800F841EB /* AppetiserMovieUITests */,
				AB7F18F329A710C500F841EB /* Products */,
				0D2B82100E1E001985AA54DD /* Pods */,
				CA706769FEE5041892387C6F /* Frameworks */,
				84D46CA829A88D6800721D8E /* Recovered References */,
			);
			sourceTree = "<group>";
		};
		AB7F18F329A710C500F841EB /* Products */ = {
			isa = PBXGroup;
			children = (
				AB7F18F229A710C500F841EB /* AppetiserMovie.app */,
				AB7F190829A710C800F841EB /* AppetiserMovieTests.xctest */,
				AB7F191229A710C800F841EB /* AppetiserMovieUITests.xctest */,
			);
			name = Products;
			sourceTree = "<group>";
		};
		AB7F18F429A710C500F841EB /* AppetiserMovie */ = {
			isa = PBXGroup;
			children = (
				84D46CA929A88E2600721D8E /* Base */,
				84D46CA329A875E100721D8E /* Coordinator */,
				84D46C9429A874A300721D8E /* Networking */,
				84D46C9129A8749900721D8E /* Models */,
				84D46C8B29A8749000721D8E /* Services */,
				AB29826B29A72368007E3E76 /* DesignSystem */,
				AB29822F29A715DD007E3E76 /* Utils */,
				AB29822C29A7154F007E3E76 /* Extension */,
				84D46CB129A88FC400721D8E /* Features */,
				AB2CDAF129A9B7EE002940AD /* Storyboard */,
				AB29822E29A715B9007E3E76 /* Resources */,
				AB7F18F529A710C500F841EB /* AppDelegate.swift */,
				AB7F190329A710C800F841EB /* Info.plist */,
			);
			path = AppetiserMovie;
			sourceTree = "<group>";
		};
		AB7F190B29A710C800F841EB /* AppetiserMovieTests */ = {
			isa = PBXGroup;
			children = (
				AB7F190C29A710C800F841EB /* AppetiserMovieTests.swift */,
			);
			path = AppetiserMovieTests;
			sourceTree = "<group>";
		};
		AB7F191529A710C800F841EB /* AppetiserMovieUITests */ = {
			isa = PBXGroup;
			children = (
				AB7F191629A710C800F841EB /* AppetiserMovieUITests.swift */,
				AB7F191829A710C800F841EB /* AppetiserMovieUITestsLaunchTests.swift */,
			);
			path = AppetiserMovieUITests;
			sourceTree = "<group>";
		};
		CA706769FEE5041892387C6F /* Frameworks */ = {
			isa = PBXGroup;
			children = (
				A7B917D600E6FB5F6849AAAF /* Pods_AppetiserMovie.framework */,
				74E58B5D227C6920F3BCBC7A /* Pods_AppetiserMovie_AppetiserMovieUITests.framework */,
				CFFC86E03FCA24CAB3BBC887 /* Pods_AppetiserMovieTests.framework */,
			);
			name = Frameworks;
			sourceTree = "<group>";
		};
/* End PBXGroup section */

/* Begin PBXNativeTarget section */
		AB7F18F129A710C500F841EB /* AppetiserMovie */ = {
			isa = PBXNativeTarget;
			buildConfigurationList = AB7F191C29A710C800F841EB /* Build configuration list for PBXNativeTarget "AppetiserMovie" */;
			buildPhases = (
				9BD644ACC46E96824ECEF7D9 /* [CP] Check Pods Manifest.lock */,
				AB29824A29A7185C007E3E76 /* SwiftGen */,
				AB7F18EE29A710C500F841EB /* Sources */,
				AB7F18EF29A710C500F841EB /* Frameworks */,
				AB7F18F029A710C500F841EB /* Resources */,
				470F8F99162B7533802A00E0 /* [CP] Embed Pods Frameworks */,
			);
			buildRules = (
			);
			dependencies = (
			);
			name = AppetiserMovie;
			productName = AppetiserMovie;
			productReference = AB7F18F229A710C500F841EB /* AppetiserMovie.app */;
			productType = "com.apple.product-type.application";
		};
		AB7F190729A710C800F841EB /* AppetiserMovieTests */ = {
			isa = PBXNativeTarget;
			buildConfigurationList = AB7F191F29A710C800F841EB /* Build configuration list for PBXNativeTarget "AppetiserMovieTests" */;
			buildPhases = (
				A644CCB2B6C72C999C87B0A5 /* [CP] Check Pods Manifest.lock */,
				AB7F190429A710C800F841EB /* Sources */,
				AB7F190529A710C800F841EB /* Frameworks */,
				AB7F190629A710C800F841EB /* Resources */,
			);
			buildRules = (
			);
			dependencies = (
				AB7F190A29A710C800F841EB /* PBXTargetDependency */,
			);
			name = AppetiserMovieTests;
			productName = AppetiserMovieTests;
			productReference = AB7F190829A710C800F841EB /* AppetiserMovieTests.xctest */;
			productType = "com.apple.product-type.bundle.unit-test";
		};
		AB7F191129A710C800F841EB /* AppetiserMovieUITests */ = {
			isa = PBXNativeTarget;
			buildConfigurationList = AB7F192229A710C800F841EB /* Build configuration list for PBXNativeTarget "AppetiserMovieUITests" */;
			buildPhases = (
				8648F3ADC1DF2F2B1D30E7E0 /* [CP] Check Pods Manifest.lock */,
				AB7F190E29A710C800F841EB /* Sources */,
				AB7F190F29A710C800F841EB /* Frameworks */,
				AB7F191029A710C800F841EB /* Resources */,
				0868EAF1A90D6BD853584B1C /* [CP] Embed Pods Frameworks */,
			);
			buildRules = (
			);
			dependencies = (
				AB7F191429A710C800F841EB /* PBXTargetDependency */,
			);
			name = AppetiserMovieUITests;
			productName = AppetiserMovieUITests;
			productReference = AB7F191229A710C800F841EB /* AppetiserMovieUITests.xctest */;
			productType = "com.apple.product-type.bundle.ui-testing";
		};
/* End PBXNativeTarget section */

/* Begin PBXProject section */
		AB7F18EA29A710C500F841EB /* Project object */ = {
			isa = PBXProject;
			attributes = {
				BuildIndependentTargetsInParallel = 1;
				LastSwiftUpdateCheck = 1420;
				LastUpgradeCheck = 1420;
				TargetAttributes = {
					AB7F18F129A710C500F841EB = {
						CreatedOnToolsVersion = 14.2;
					};
					AB7F190729A710C800F841EB = {
						CreatedOnToolsVersion = 14.2;
						TestTargetID = AB7F18F129A710C500F841EB;
					};
					AB7F191129A710C800F841EB = {
						CreatedOnToolsVersion = 14.2;
						TestTargetID = AB7F18F129A710C500F841EB;
					};
				};
			};
			buildConfigurationList = AB7F18ED29A710C500F841EB /* Build configuration list for PBXProject "AppetiserMovie" */;
			compatibilityVersion = "Xcode 13.0";
			developmentRegion = en;
			hasScannedForEncodings = 0;
			knownRegions = (
				en,
				Base,
			);
			mainGroup = AB7F18E929A710C500F841EB;
			productRefGroup = AB7F18F329A710C500F841EB /* Products */;
			projectDirPath = "";
			projectRoot = "";
			targets = (
				AB7F18F129A710C500F841EB /* AppetiserMovie */,
				AB7F190729A710C800F841EB /* AppetiserMovieTests */,
				AB7F191129A710C800F841EB /* AppetiserMovieUITests */,
			);
		};
/* End PBXProject section */

/* Begin PBXResourcesBuildPhase section */
		AB7F18F029A710C500F841EB /* Resources */ = {
			isa = PBXResourcesBuildPhase;
			buildActionMask = 2147483647;
			files = (
				AB2982FF29A8B221007E3E76 /* MovieDetailViewController.xib in Resources */,
				AB7F190229A710C800F841EB /* LaunchScreen.storyboard in Resources */,
				AB2982F829A8A6D6007E3E76 /* SearchViewController.xib in Resources */,
				AB29824229A7178B007E3E76 /* Proxima Nova Thin.otf in Resources */,
				AB29824629A7178B007E3E76 /* Proxima Nova Alt Light.otf in Resources */,
				AB29825529A71ACC007E3E76 /* Localizable.strings in Resources */,
				AB7F18FF29A710C800F841EB /* Assets.xcassets in Resources */,
				AB29824429A7178B007E3E76 /* Proxima Nova Normal.otf in Resources */,
				AB2982EB29A89860007E3E76 /* MovieItemLoadingTableViewCell.xib in Resources */,
				84D46CC029A88FC400721D8E /* FavoritedMovieViewController.xib in Resources */,
				84D46CC229A88FC400721D8E /* MovieListViewController.xib in Resources */,
				AB29824029A7178B007E3E76 /* Proxima Nova Alt Bold.otf in Resources */,
				AB29824329A7178B007E3E76 /* Proxima Nova Extrabold.otf in Resources */,
				AB29824529A7178B007E3E76 /* Proxima Nova Alt Thin.otf in Resources */,
				AB2982C129A8747C007E3E76 /* Main.storyboard in Resources */,
				84D46CC429A88FC400721D8E /* MovieItemTableViewCell.xib in Resources */,
				AB29824829A7178B007E3E76 /* Proxima Nova Bold.otf in Resources */,
				AB29830A29A8B4E7007E3E76 /* MovieDescriptionTableViewCell.xib in Resources */,
				AB29824729A7178B007E3E76 /* Proxima Nova Semi Bold.otf in Resources */,
				AB29824929A7178B007E3E76 /* ProximaNova-Regular.otf in Resources */,
				AB29830529A8B2A3007E3E76 /* MovieSummaryTableViewCell.xib in Resources */,
				AB29824129A7178B007E3E76 /* Proxima Nova Black.otf in Resources */,
			);
			runOnlyForDeploymentPostprocessing = 0;
		};
		AB7F190629A710C800F841EB /* Resources */ = {
			isa = PBXResourcesBuildPhase;
			buildActionMask = 2147483647;
			files = (
			);
			runOnlyForDeploymentPostprocessing = 0;
		};
		AB7F191029A710C800F841EB /* Resources */ = {
			isa = PBXResourcesBuildPhase;
			buildActionMask = 2147483647;
			files = (
			);
			runOnlyForDeploymentPostprocessing = 0;
		};
/* End PBXResourcesBuildPhase section */

/* Begin PBXShellScriptBuildPhase section */
		0868EAF1A90D6BD853584B1C /* [CP] Embed Pods Frameworks */ = {
			isa = PBXShellScriptBuildPhase;
			buildActionMask = 2147483647;
			files = (
			);
			inputFileListPaths = (
				"${PODS_ROOT}/Target Support Files/Pods-AppetiserMovie-AppetiserMovieUITests/Pods-AppetiserMovie-AppetiserMovieUITests-frameworks-${CONFIGURATION}-input-files.xcfilelist",
			);
			name = "[CP] Embed Pods Frameworks";
			outputFileListPaths = (
				"${PODS_ROOT}/Target Support Files/Pods-AppetiserMovie-AppetiserMovieUITests/Pods-AppetiserMovie-AppetiserMovieUITests-frameworks-${CONFIGURATION}-output-files.xcfilelist",
			);
			runOnlyForDeploymentPostprocessing = 0;
			shellPath = /bin/sh;
			shellScript = "\"${PODS_ROOT}/Target Support Files/Pods-AppetiserMovie-AppetiserMovieUITests/Pods-AppetiserMovie-AppetiserMovieUITests-frameworks.sh\"\n";
			showEnvVarsInLog = 0;
		};
		470F8F99162B7533802A00E0 /* [CP] Embed Pods Frameworks */ = {
			isa = PBXShellScriptBuildPhase;
			buildActionMask = 2147483647;
			files = (
			);
			inputFileListPaths = (
				"${PODS_ROOT}/Target Support Files/Pods-AppetiserMovie/Pods-AppetiserMovie-frameworks-${CONFIGURATION}-input-files.xcfilelist",
			);
			name = "[CP] Embed Pods Frameworks";
			outputFileListPaths = (
				"${PODS_ROOT}/Target Support Files/Pods-AppetiserMovie/Pods-AppetiserMovie-frameworks-${CONFIGURATION}-output-files.xcfilelist",
			);
			runOnlyForDeploymentPostprocessing = 0;
			shellPath = /bin/sh;
			shellScript = "\"${PODS_ROOT}/Target Support Files/Pods-AppetiserMovie/Pods-AppetiserMovie-frameworks.sh\"\n";
			showEnvVarsInLog = 0;
		};
		8648F3ADC1DF2F2B1D30E7E0 /* [CP] Check Pods Manifest.lock */ = {
			isa = PBXShellScriptBuildPhase;
			buildActionMask = 2147483647;
			files = (
			);
			inputFileListPaths = (
			);
			inputPaths = (
				"${PODS_PODFILE_DIR_PATH}/Podfile.lock",
				"${PODS_ROOT}/Manifest.lock",
			);
			name = "[CP] Check Pods Manifest.lock";
			outputFileListPaths = (
			);
			outputPaths = (
				"$(DERIVED_FILE_DIR)/Pods-AppetiserMovie-AppetiserMovieUITests-checkManifestLockResult.txt",
			);
			runOnlyForDeploymentPostprocessing = 0;
			shellPath = /bin/sh;
			shellScript = "diff \"${PODS_PODFILE_DIR_PATH}/Podfile.lock\" \"${PODS_ROOT}/Manifest.lock\" > /dev/null\nif [ $? != 0 ] ; then\n    # print error to STDERR\n    echo \"error: The sandbox is not in sync with the Podfile.lock. Run 'pod install' or update your CocoaPods installation.\" >&2\n    exit 1\nfi\n# This output is used by Xcode 'outputs' to avoid re-running this script phase.\necho \"SUCCESS\" > \"${SCRIPT_OUTPUT_FILE_0}\"\n";
			showEnvVarsInLog = 0;
		};
		9BD644ACC46E96824ECEF7D9 /* [CP] Check Pods Manifest.lock */ = {
			isa = PBXShellScriptBuildPhase;
			buildActionMask = 2147483647;
			files = (
			);
			inputFileListPaths = (
			);
			inputPaths = (
				"${PODS_PODFILE_DIR_PATH}/Podfile.lock",
				"${PODS_ROOT}/Manifest.lock",
			);
			name = "[CP] Check Pods Manifest.lock";
			outputFileListPaths = (
			);
			outputPaths = (
				"$(DERIVED_FILE_DIR)/Pods-AppetiserMovie-checkManifestLockResult.txt",
			);
			runOnlyForDeploymentPostprocessing = 0;
			shellPath = /bin/sh;
			shellScript = "diff \"${PODS_PODFILE_DIR_PATH}/Podfile.lock\" \"${PODS_ROOT}/Manifest.lock\" > /dev/null\nif [ $? != 0 ] ; then\n    # print error to STDERR\n    echo \"error: The sandbox is not in sync with the Podfile.lock. Run 'pod install' or update your CocoaPods installation.\" >&2\n    exit 1\nfi\n# This output is used by Xcode 'outputs' to avoid re-running this script phase.\necho \"SUCCESS\" > \"${SCRIPT_OUTPUT_FILE_0}\"\n";
			showEnvVarsInLog = 0;
		};
		A644CCB2B6C72C999C87B0A5 /* [CP] Check Pods Manifest.lock */ = {
			isa = PBXShellScriptBuildPhase;
			buildActionMask = 2147483647;
			files = (
			);
			inputFileListPaths = (
			);
			inputPaths = (
				"${PODS_PODFILE_DIR_PATH}/Podfile.lock",
				"${PODS_ROOT}/Manifest.lock",
			);
			name = "[CP] Check Pods Manifest.lock";
			outputFileListPaths = (
			);
			outputPaths = (
				"$(DERIVED_FILE_DIR)/Pods-AppetiserMovieTests-checkManifestLockResult.txt",
			);
			runOnlyForDeploymentPostprocessing = 0;
			shellPath = /bin/sh;
			shellScript = "diff \"${PODS_PODFILE_DIR_PATH}/Podfile.lock\" \"${PODS_ROOT}/Manifest.lock\" > /dev/null\nif [ $? != 0 ] ; then\n    # print error to STDERR\n    echo \"error: The sandbox is not in sync with the Podfile.lock. Run 'pod install' or update your CocoaPods installation.\" >&2\n    exit 1\nfi\n# This output is used by Xcode 'outputs' to avoid re-running this script phase.\necho \"SUCCESS\" > \"${SCRIPT_OUTPUT_FILE_0}\"\n";
			showEnvVarsInLog = 0;
		};
		AB29824A29A7185C007E3E76 /* SwiftGen */ = {
			isa = PBXShellScriptBuildPhase;
			buildActionMask = 2147483647;
			files = (
			);
			inputFileListPaths = (
			);
			inputPaths = (
			);
			name = SwiftGen;
			outputFileListPaths = (
			);
			outputPaths = (
			);
			runOnlyForDeploymentPostprocessing = 0;
			shellPath = /bin/sh;
			shellScript = "# Type a script or drag a script file from your workspace to insert its path.\n./Pods/SwiftGen/bin/swiftgen config run\n\n";
		};
/* End PBXShellScriptBuildPhase section */

/* Begin PBXSourcesBuildPhase section */
		AB7F18EE29A710C500F841EB /* Sources */ = {
			isa = PBXSourcesBuildPhase;
			buildActionMask = 2147483647;
			files = (
				AB29828929A72368007E3E76 /* UILabel+DSTextStyle.swift in Sources */,
				AB29828429A72368007E3E76 /* StateViewPresentable+Extension.swift in Sources */,
				84D46CC129A88FC400721D8E /* MovieListViewController.swift in Sources */,
				84D46CC729A8A5D400721D8E /* CacheService.swift in Sources */,
				AB29828729A72368007E3E76 /* LoadingStyle.swift in Sources */,
				84D46CB029A88F2400721D8E /* BaseViewController.swift in Sources */,
				AB29825A29A71C7E007E3E76 /* Fonts.swift in Sources */,
				AB29829829A72800007E3E76 /* UIButton+Extension.swift in Sources */,
				84D46CD429A9A6A300721D8E /* SearchCoordinator.swift in Sources */,
				84D46C9029A8749000721D8E /* SearchItemService .swift in Sources */,
				AB29829C29A72938007E3E76 /* UIViewController+Rx.swift in Sources */,
				AB29828529A72368007E3E76 /* StateConfig.swift in Sources */,
				84D46CA629A875E100721D8E /* AppCoordinator.swift in Sources */,
				AB29828029A72368007E3E76 /* DSColor.swift in Sources */,
				AB29830C29A8B6A6007E3E76 /* MovieDetailViewModel.swift in Sources */,
				AB29829629A7279B007E3E76 /* DSButton.swift in Sources */,
				AB2982F329A89887007E3E76 /* TakeWhen.swift in Sources */,
				AB29828A29A72368007E3E76 /* UIButton+DSTextStyle.swift in Sources */,
				AB29829A29A728FF007E3E76 /* ViewControllerLifecycleObservable.swift in Sources */,
				84D46CCA29A8A90B00721D8E /* FavoriteService.swift in Sources */,
				84D46C9829A874A300721D8E /* TargetType.swift in Sources */,
				84D46CC329A88FC400721D8E /* MovieItemTableViewCell.swift in Sources */,
				AB29828229A72368007E3E76 /* DefaultStateConfigs.swift in Sources */,
				AB29828B29A72368007E3E76 /* UITextView+DSTextStyle.swift in Sources */,
				AB29828D29A72368007E3E76 /* SkeletonTableView.swift in Sources */,
				AB2982F129A89887007E3E76 /* Shortcuts+Rx.swift in Sources */,
				84D46CBF29A88FC400721D8E /* FavoritedMovieViewController.swift in Sources */,
				AB29829129A723C3007E3E76 /* DSStateView.swift in Sources */,
				84D46C9329A8749900721D8E /* Movie.swift in Sources */,
				84D46C8F29A8749000721D8E /* SearchItemTarget.swift in Sources */,
				84D46CA129A874C200721D8E /* HomeTabbarCoordinator.swift in Sources */,
				AB29829329A72704007E3E76 /* Optional+Extension.swift in Sources */,
				AB29830929A8B4E7007E3E76 /* MovieDescriptionTableViewCell.swift in Sources */,
				AB2982E729A8985A007E3E76 /* MovieListViewModel.swift in Sources */,
				AB2982E429A89835007E3E76 /* BaseViewModel.swift in Sources */,
				84D46CBE29A88FC400721D8E /* HomeTabbarViewController.swift in Sources */,
				AB2982C829A87CD1007E3E76 /* UIView+Extension.swift in Sources */,
				AB29828E29A72368007E3E76 /* SkeletonCollectionView.swift in Sources */,
				AB2982EC29A89860007E3E76 /* MovieItemLoadingTableViewCell.swift in Sources */,
				84D46CCE29A9963D00721D8E /* FavoritedMovieCoordinator.swift in Sources */,
				84D46CCC29A8BBBA00721D8E /* FavoriteListViewModel.swift in Sources */,
				AB29828829A72368007E3E76 /* DSTextStyle.swift in Sources */,
				84D46CD029A99DD700721D8E /* MovieListCoordinator.swift in Sources */,
				AB29828629A72368007E3E76 /* ViewStates.swift in Sources */,
				AB2982F729A8A6D6007E3E76 /* SearchViewController.swift in Sources */,
				84D46CA729A875E100721D8E /* BaseCoordinator.swift in Sources */,
				AB29828E29A72368007E3E76 /* SkeletonCollectionView.swift in Sources */,
				AB29828829A72368007E3E76 /* DSTextStyle.swift in Sources */,
				AB29828629A72368007E3E76 /* ViewStates.swift in Sources */,
				84D46C9929A874A300721D8E /* APIResponse.swift in Sources */,
				AB29825B29A71C7E007E3E76 /* Localization.swift in Sources */,
				AB2982CA29A87F82007E3E76 /* UIImageView+Extension.swift in Sources */,
				AB29830429A8B2A3007E3E76 /* MovieSummaryTableViewCell.swift in Sources */,
				AB2982FE29A8B221007E3E76 /* MovieDetailViewController.swift in Sources */,
				AB2982E529A89835007E3E76 /* MVVMView.swift in Sources */,
				AB7F18F629A710C500F841EB /* AppDelegate.swift in Sources */,
				AB29825929A71C7E007E3E76 /* Assets.swift in Sources */,
				AB29828129A72368007E3E76 /* StateViewPresentable.swift in Sources */,
				84D46C9A29A874A300721D8E /* API.swift in Sources */,
				AB2982F229A89887007E3E76 /* Retry+Rx.swift in Sources */,
				84D46CD229A9A03500721D8E /* MovieDetailCoordinator.swift in Sources */,
				AB29828C29A72368007E3E76 /* UITextField+DSTextStyle.swift in Sources */,
			);
			runOnlyForDeploymentPostprocessing = 0;
		};
		AB7F190429A710C800F841EB /* Sources */ = {
			isa = PBXSourcesBuildPhase;
			buildActionMask = 2147483647;
			files = (
				AB7F190D29A710C800F841EB /* AppetiserMovieTests.swift in Sources */,
			);
			runOnlyForDeploymentPostprocessing = 0;
		};
		AB7F190E29A710C800F841EB /* Sources */ = {
			isa = PBXSourcesBuildPhase;
			buildActionMask = 2147483647;
			files = (
				AB7F191729A710C800F841EB /* AppetiserMovieUITests.swift in Sources */,
				AB7F191929A710C800F841EB /* AppetiserMovieUITestsLaunchTests.swift in Sources */,
			);
			runOnlyForDeploymentPostprocessing = 0;
		};
/* End PBXSourcesBuildPhase section */

/* Begin PBXTargetDependency section */
		AB7F190A29A710C800F841EB /* PBXTargetDependency */ = {
			isa = PBXTargetDependency;
			target = AB7F18F129A710C500F841EB /* AppetiserMovie */;
			targetProxy = AB7F190929A710C800F841EB /* PBXContainerItemProxy */;
		};
		AB7F191429A710C800F841EB /* PBXTargetDependency */ = {
			isa = PBXTargetDependency;
			target = AB7F18F129A710C500F841EB /* AppetiserMovie */;
			targetProxy = AB7F191329A710C800F841EB /* PBXContainerItemProxy */;
		};
/* End PBXTargetDependency section */

/* Begin PBXVariantGroup section */
		AB29825329A71ACC007E3E76 /* Localizable.strings */ = {
			isa = PBXVariantGroup;
			children = (
				AB29825429A71ACC007E3E76 /* en */,
			);
			name = Localizable.strings;
			sourceTree = "<group>";
		};
		AB2982BF29A8747C007E3E76 /* Main.storyboard */ = {
			isa = PBXVariantGroup;
			children = (
				AB2982C029A8747C007E3E76 /* Base */,
			);
			name = Main.storyboard;
			sourceTree = "<group>";
		};
		AB7F190029A710C800F841EB /* LaunchScreen.storyboard */ = {
			isa = PBXVariantGroup;
			children = (
				AB7F190129A710C800F841EB /* Base */,
			);
			name = LaunchScreen.storyboard;
			sourceTree = "<group>";
		};
/* End PBXVariantGroup section */

/* Begin XCBuildConfiguration section */
		AB7F191A29A710C800F841EB /* Debug */ = {
			isa = XCBuildConfiguration;
			buildSettings = {
				ALWAYS_SEARCH_USER_PATHS = NO;
				CLANG_ANALYZER_NONNULL = YES;
				CLANG_ANALYZER_NUMBER_OBJECT_CONVERSION = YES_AGGRESSIVE;
				CLANG_CXX_LANGUAGE_STANDARD = "gnu++20";
				CLANG_ENABLE_MODULES = YES;
				CLANG_ENABLE_OBJC_ARC = YES;
				CLANG_ENABLE_OBJC_WEAK = YES;
				CLANG_WARN_BLOCK_CAPTURE_AUTORELEASING = YES;
				CLANG_WARN_BOOL_CONVERSION = YES;
				CLANG_WARN_COMMA = YES;
				CLANG_WARN_CONSTANT_CONVERSION = YES;
				CLANG_WARN_DEPRECATED_OBJC_IMPLEMENTATIONS = YES;
				CLANG_WARN_DIRECT_OBJC_ISA_USAGE = YES_ERROR;
				CLANG_WARN_DOCUMENTATION_COMMENTS = YES;
				CLANG_WARN_EMPTY_BODY = YES;
				CLANG_WARN_ENUM_CONVERSION = YES;
				CLANG_WARN_INFINITE_RECURSION = YES;
				CLANG_WARN_INT_CONVERSION = YES;
				CLANG_WARN_NON_LITERAL_NULL_CONVERSION = YES;
				CLANG_WARN_OBJC_IMPLICIT_RETAIN_SELF = YES;
				CLANG_WARN_OBJC_LITERAL_CONVERSION = YES;
				CLANG_WARN_OBJC_ROOT_CLASS = YES_ERROR;
				CLANG_WARN_QUOTED_INCLUDE_IN_FRAMEWORK_HEADER = YES;
				CLANG_WARN_RANGE_LOOP_ANALYSIS = YES;
				CLANG_WARN_STRICT_PROTOTYPES = YES;
				CLANG_WARN_SUSPICIOUS_MOVE = YES;
				CLANG_WARN_UNGUARDED_AVAILABILITY = YES_AGGRESSIVE;
				CLANG_WARN_UNREACHABLE_CODE = YES;
				CLANG_WARN__DUPLICATE_METHOD_MATCH = YES;
				COPY_PHASE_STRIP = NO;
				DEBUG_INFORMATION_FORMAT = dwarf;
				ENABLE_STRICT_OBJC_MSGSEND = YES;
				ENABLE_TESTABILITY = YES;
				GCC_C_LANGUAGE_STANDARD = gnu11;
				GCC_DYNAMIC_NO_PIC = NO;
				GCC_NO_COMMON_BLOCKS = YES;
				GCC_OPTIMIZATION_LEVEL = 0;
				GCC_PREPROCESSOR_DEFINITIONS = (
					"DEBUG=1",
					"$(inherited)",
				);
				GCC_WARN_64_TO_32_BIT_CONVERSION = YES;
				GCC_WARN_ABOUT_RETURN_TYPE = YES_ERROR;
				GCC_WARN_UNDECLARED_SELECTOR = YES;
				GCC_WARN_UNINITIALIZED_AUTOS = YES_AGGRESSIVE;
				GCC_WARN_UNUSED_FUNCTION = YES;
				GCC_WARN_UNUSED_VARIABLE = YES;
				IPHONEOS_DEPLOYMENT_TARGET = 16.2;
				MTL_ENABLE_DEBUG_INFO = INCLUDE_SOURCE;
				MTL_FAST_MATH = YES;
				ONLY_ACTIVE_ARCH = YES;
				SDKROOT = iphoneos;
				SWIFT_ACTIVE_COMPILATION_CONDITIONS = DEBUG;
				SWIFT_OPTIMIZATION_LEVEL = "-Onone";
			};
			name = Debug;
		};
		AB7F191B29A710C800F841EB /* Release */ = {
			isa = XCBuildConfiguration;
			buildSettings = {
				ALWAYS_SEARCH_USER_PATHS = NO;
				CLANG_ANALYZER_NONNULL = YES;
				CLANG_ANALYZER_NUMBER_OBJECT_CONVERSION = YES_AGGRESSIVE;
				CLANG_CXX_LANGUAGE_STANDARD = "gnu++20";
				CLANG_ENABLE_MODULES = YES;
				CLANG_ENABLE_OBJC_ARC = YES;
				CLANG_ENABLE_OBJC_WEAK = YES;
				CLANG_WARN_BLOCK_CAPTURE_AUTORELEASING = YES;
				CLANG_WARN_BOOL_CONVERSION = YES;
				CLANG_WARN_COMMA = YES;
				CLANG_WARN_CONSTANT_CONVERSION = YES;
				CLANG_WARN_DEPRECATED_OBJC_IMPLEMENTATIONS = YES;
				CLANG_WARN_DIRECT_OBJC_ISA_USAGE = YES_ERROR;
				CLANG_WARN_DOCUMENTATION_COMMENTS = YES;
				CLANG_WARN_EMPTY_BODY = YES;
				CLANG_WARN_ENUM_CONVERSION = YES;
				CLANG_WARN_INFINITE_RECURSION = YES;
				CLANG_WARN_INT_CONVERSION = YES;
				CLANG_WARN_NON_LITERAL_NULL_CONVERSION = YES;
				CLANG_WARN_OBJC_IMPLICIT_RETAIN_SELF = YES;
				CLANG_WARN_OBJC_LITERAL_CONVERSION = YES;
				CLANG_WARN_OBJC_ROOT_CLASS = YES_ERROR;
				CLANG_WARN_QUOTED_INCLUDE_IN_FRAMEWORK_HEADER = YES;
				CLANG_WARN_RANGE_LOOP_ANALYSIS = YES;
				CLANG_WARN_STRICT_PROTOTYPES = YES;
				CLANG_WARN_SUSPICIOUS_MOVE = YES;
				CLANG_WARN_UNGUARDED_AVAILABILITY = YES_AGGRESSIVE;
				CLANG_WARN_UNREACHABLE_CODE = YES;
				CLANG_WARN__DUPLICATE_METHOD_MATCH = YES;
				COPY_PHASE_STRIP = NO;
				DEBUG_INFORMATION_FORMAT = "dwarf-with-dsym";
				ENABLE_NS_ASSERTIONS = NO;
				ENABLE_STRICT_OBJC_MSGSEND = YES;
				GCC_C_LANGUAGE_STANDARD = gnu11;
				GCC_NO_COMMON_BLOCKS = YES;
				GCC_WARN_64_TO_32_BIT_CONVERSION = YES;
				GCC_WARN_ABOUT_RETURN_TYPE = YES_ERROR;
				GCC_WARN_UNDECLARED_SELECTOR = YES;
				GCC_WARN_UNINITIALIZED_AUTOS = YES_AGGRESSIVE;
				GCC_WARN_UNUSED_FUNCTION = YES;
				GCC_WARN_UNUSED_VARIABLE = YES;
				IPHONEOS_DEPLOYMENT_TARGET = 16.2;
				MTL_ENABLE_DEBUG_INFO = NO;
				MTL_FAST_MATH = YES;
				SDKROOT = iphoneos;
				SWIFT_COMPILATION_MODE = wholemodule;
				SWIFT_OPTIMIZATION_LEVEL = "-O";
				VALIDATE_PRODUCT = YES;
			};
			name = Release;
		};
		AB7F191D29A710C800F841EB /* Debug */ = {
			isa = XCBuildConfiguration;
			baseConfigurationReference = 07F16BA6CC7CAAC6B1A6BB55 /* Pods-AppetiserMovie.debug.xcconfig */;
			buildSettings = {
				ASSETCATALOG_COMPILER_APPICON_NAME = AppIcon;
				ASSETCATALOG_COMPILER_GLOBAL_ACCENT_COLOR_NAME = AccentColor;
				CODE_SIGN_STYLE = Automatic;
				CURRENT_PROJECT_VERSION = 1;
				DEVELOPMENT_TEAM = GYH7W3TUJN;
				GENERATE_INFOPLIST_FILE = YES;
				INFOPLIST_FILE = AppetiserMovie/Info.plist;
				INFOPLIST_KEY_UIApplicationSupportsIndirectInputEvents = YES;
				INFOPLIST_KEY_UILaunchStoryboardName = LaunchScreen.storyboard;
				INFOPLIST_KEY_UIMainStoryboardFile = "";
				INFOPLIST_KEY_UIStatusBarStyle = UIStatusBarStyleLightContent;
				INFOPLIST_KEY_UISupportedInterfaceOrientations = UIInterfaceOrientationPortrait;
				LD_RUNPATH_SEARCH_PATHS = (
					"$(inherited)",
					"@executable_path/Frameworks",
				);
				MARKETING_VERSION = 1.0;
				PRODUCT_BUNDLE_IDENTIFIER = com.appetiser.movie.AppetiserMovie;
				PRODUCT_NAME = "$(TARGET_NAME)";
				SWIFT_EMIT_LOC_STRINGS = YES;
				SWIFT_VERSION = 5.0;
				TARGETED_DEVICE_FAMILY = "1,2";
			};
			name = Debug;
		};
		AB7F191E29A710C800F841EB /* Release */ = {
			isa = XCBuildConfiguration;
			baseConfigurationReference = 8D0BD3A6A4249B934F6A04CC /* Pods-AppetiserMovie.release.xcconfig */;
			buildSettings = {
				ASSETCATALOG_COMPILER_APPICON_NAME = AppIcon;
				ASSETCATALOG_COMPILER_GLOBAL_ACCENT_COLOR_NAME = AccentColor;
				CODE_SIGN_STYLE = Automatic;
				CURRENT_PROJECT_VERSION = 1;
				DEVELOPMENT_TEAM = GYH7W3TUJN;
				GENERATE_INFOPLIST_FILE = YES;
				INFOPLIST_FILE = AppetiserMovie/Info.plist;
				INFOPLIST_KEY_UIApplicationSupportsIndirectInputEvents = YES;
				INFOPLIST_KEY_UILaunchStoryboardName = LaunchScreen.storyboard;
				INFOPLIST_KEY_UIMainStoryboardFile = "";
				INFOPLIST_KEY_UIStatusBarStyle = UIStatusBarStyleLightContent;
				INFOPLIST_KEY_UISupportedInterfaceOrientations = UIInterfaceOrientationPortrait;
				LD_RUNPATH_SEARCH_PATHS = (
					"$(inherited)",
					"@executable_path/Frameworks",
				);
				MARKETING_VERSION = 1.0;
				PRODUCT_BUNDLE_IDENTIFIER = com.appetiser.movie.AppetiserMovie;
				PRODUCT_NAME = "$(TARGET_NAME)";
				SWIFT_EMIT_LOC_STRINGS = YES;
				SWIFT_VERSION = 5.0;
				TARGETED_DEVICE_FAMILY = "1,2";
			};
			name = Release;
		};
		AB7F192029A710C800F841EB /* Debug */ = {
			isa = XCBuildConfiguration;
			baseConfigurationReference = 2B73E40A4F72695C1E8A4BB3 /* Pods-AppetiserMovieTests.debug.xcconfig */;
			buildSettings = {
				ALWAYS_EMBED_SWIFT_STANDARD_LIBRARIES = YES;
				BUNDLE_LOADER = "$(TEST_HOST)";
				CODE_SIGN_STYLE = Automatic;
				CURRENT_PROJECT_VERSION = 1;
				DEVELOPMENT_TEAM = GYH7W3TUJN;
				GENERATE_INFOPLIST_FILE = YES;
				IPHONEOS_DEPLOYMENT_TARGET = 16.2;
				MARKETING_VERSION = 1.0;
				PRODUCT_BUNDLE_IDENTIFIER = com.appetiser.movie.AppetiserMovieTests;
				PRODUCT_NAME = "$(TARGET_NAME)";
				SWIFT_EMIT_LOC_STRINGS = NO;
				SWIFT_VERSION = 5.0;
				TARGETED_DEVICE_FAMILY = "1,2";
				TEST_HOST = "$(BUILT_PRODUCTS_DIR)/AppetiserMovie.app/$(BUNDLE_EXECUTABLE_FOLDER_PATH)/AppetiserMovie";
			};
			name = Debug;
		};
		AB7F192129A710C800F841EB /* Release */ = {
			isa = XCBuildConfiguration;
			baseConfigurationReference = F433B35B140FD14CD56208C4 /* Pods-AppetiserMovieTests.release.xcconfig */;
			buildSettings = {
				ALWAYS_EMBED_SWIFT_STANDARD_LIBRARIES = YES;
				BUNDLE_LOADER = "$(TEST_HOST)";
				CODE_SIGN_STYLE = Automatic;
				CURRENT_PROJECT_VERSION = 1;
				DEVELOPMENT_TEAM = GYH7W3TUJN;
				GENERATE_INFOPLIST_FILE = YES;
				IPHONEOS_DEPLOYMENT_TARGET = 16.2;
				MARKETING_VERSION = 1.0;
				PRODUCT_BUNDLE_IDENTIFIER = com.appetiser.movie.AppetiserMovieTests;
				PRODUCT_NAME = "$(TARGET_NAME)";
				SWIFT_EMIT_LOC_STRINGS = NO;
				SWIFT_VERSION = 5.0;
				TARGETED_DEVICE_FAMILY = "1,2";
				TEST_HOST = "$(BUILT_PRODUCTS_DIR)/AppetiserMovie.app/$(BUNDLE_EXECUTABLE_FOLDER_PATH)/AppetiserMovie";
			};
			name = Release;
		};
		AB7F192329A710C800F841EB /* Debug */ = {
			isa = XCBuildConfiguration;
			baseConfigurationReference = 9ADAB7F961D713B5E31C5522 /* Pods-AppetiserMovie-AppetiserMovieUITests.debug.xcconfig */;
			buildSettings = {
				ALWAYS_EMBED_SWIFT_STANDARD_LIBRARIES = YES;
				CODE_SIGN_STYLE = Automatic;
				CURRENT_PROJECT_VERSION = 1;
				DEVELOPMENT_TEAM = GYH7W3TUJN;
				GENERATE_INFOPLIST_FILE = YES;
				MARKETING_VERSION = 1.0;
				PRODUCT_BUNDLE_IDENTIFIER = com.appetiser.movie.AppetiserMovieUITests;
				PRODUCT_NAME = "$(TARGET_NAME)";
				SWIFT_EMIT_LOC_STRINGS = NO;
				SWIFT_VERSION = 5.0;
				TARGETED_DEVICE_FAMILY = "1,2";
				TEST_TARGET_NAME = AppetiserMovie;
			};
			name = Debug;
		};
		AB7F192429A710C800F841EB /* Release */ = {
			isa = XCBuildConfiguration;
			baseConfigurationReference = 8DEA4006627D0C54AA9D9368 /* Pods-AppetiserMovie-AppetiserMovieUITests.release.xcconfig */;
			buildSettings = {
				ALWAYS_EMBED_SWIFT_STANDARD_LIBRARIES = YES;
				CODE_SIGN_STYLE = Automatic;
				CURRENT_PROJECT_VERSION = 1;
				DEVELOPMENT_TEAM = GYH7W3TUJN;
				GENERATE_INFOPLIST_FILE = YES;
				MARKETING_VERSION = 1.0;
				PRODUCT_BUNDLE_IDENTIFIER = com.appetiser.movie.AppetiserMovieUITests;
				PRODUCT_NAME = "$(TARGET_NAME)";
				SWIFT_EMIT_LOC_STRINGS = NO;
				SWIFT_VERSION = 5.0;
				TARGETED_DEVICE_FAMILY = "1,2";
				TEST_TARGET_NAME = AppetiserMovie;
			};
			name = Release;
		};
/* End XCBuildConfiguration section */

/* Begin XCConfigurationList section */
		AB7F18ED29A710C500F841EB /* Build configuration list for PBXProject "AppetiserMovie" */ = {
			isa = XCConfigurationList;
			buildConfigurations = (
				AB7F191A29A710C800F841EB /* Debug */,
				AB7F191B29A710C800F841EB /* Release */,
			);
			defaultConfigurationIsVisible = 0;
			defaultConfigurationName = Release;
		};
		AB7F191C29A710C800F841EB /* Build configuration list for PBXNativeTarget "AppetiserMovie" */ = {
			isa = XCConfigurationList;
			buildConfigurations = (
				AB7F191D29A710C800F841EB /* Debug */,
				AB7F191E29A710C800F841EB /* Release */,
			);
			defaultConfigurationIsVisible = 0;
			defaultConfigurationName = Release;
		};
		AB7F191F29A710C800F841EB /* Build configuration list for PBXNativeTarget "AppetiserMovieTests" */ = {
			isa = XCConfigurationList;
			buildConfigurations = (
				AB7F192029A710C800F841EB /* Debug */,
				AB7F192129A710C800F841EB /* Release */,
			);
			defaultConfigurationIsVisible = 0;
			defaultConfigurationName = Release;
		};
		AB7F192229A710C800F841EB /* Build configuration list for PBXNativeTarget "AppetiserMovieUITests" */ = {
			isa = XCConfigurationList;
			buildConfigurations = (
				AB7F192329A710C800F841EB /* Debug */,
				AB7F192429A710C800F841EB /* Release */,
			);
			defaultConfigurationIsVisible = 0;
			defaultConfigurationName = Release;
		};
/* End XCConfigurationList section */
	};
	rootObject = AB7F18EA29A710C500F841EB /* Project object */;
}
